// !$*UTF8*$!
{
	archiveVersion = 1;
	classes = {
	};
	objectVersion = 46;
	objects = {

/* Begin PBXBuildFile section */
		0005823B188D15D1006760D0 /* BPMAnalysis.m in Sources */ = {isa = PBXBuildFile; fileRef = 0005823A188D15D1006760D0 /* BPMAnalysis.m */; };
		00072D701887775C00FE977F /* ModeViewController.m in Sources */ = {isa = PBXBuildFile; fileRef = 00072D6F1887775C00FE977F /* ModeViewController.m */; };
		00077D981891FA3300891C75 /* mode_title.jpg in Resources */ = {isa = PBXBuildFile; fileRef = 00077D951891FA3300891C75 /* mode_title.jpg */; };
		00077D991891FA3300891C75 /* table_background.jpg in Resources */ = {isa = PBXBuildFile; fileRef = 00077D961891FA3300891C75 /* table_background.jpg */; };
		00077D9A1891FA3300891C75 /* cycle.png in Resources */ = {isa = PBXBuildFile; fileRef = 00077D971891FA3300891C75 /* cycle.png */; };
		00077D9D1891FDBE00891C75 /* DBManager.m in Sources */ = {isa = PBXBuildFile; fileRef = 00077D9C1891FDBE00891C75 /* DBManager.m */; };
		00077D9F1891FF5800891C75 /* libsqlite3.dylib in Frameworks */ = {isa = PBXBuildFile; fileRef = 00077D9E1891FF5800891C75 /* libsqlite3.dylib */; };
		005BA711188D1A1F003C5889 /* aubio.framework in Frameworks */ = {isa = PBXBuildFile; fileRef = 005BA710188D1A1F003C5889 /* aubio.framework */; };
		006650E81890B3C400F97DE5 /* Main.jpg in Resources */ = {isa = PBXBuildFile; fileRef = 006650E61890B3C400F97DE5 /* Main.jpg */; };
		006650E91890B3C400F97DE5 /* Tutorial_0.jpg in Resources */ = {isa = PBXBuildFile; fileRef = 006650E71890B3C400F97DE5 /* Tutorial_0.jpg */; };
		006650EB1890B4BA00F97DE5 /* Title.jpg in Resources */ = {isa = PBXBuildFile; fileRef = 006650EA1890B4BA00F97DE5 /* Title.jpg */; };
		006650EF1890DD8B00F97DE5 /* Tutorial_1.jpg in Resources */ = {isa = PBXBuildFile; fileRef = 006650EC1890DD8B00F97DE5 /* Tutorial_1.jpg */; };
		006650F01890DD8B00F97DE5 /* Tutorial_2.jpg in Resources */ = {isa = PBXBuildFile; fileRef = 006650ED1890DD8B00F97DE5 /* Tutorial_2.jpg */; };
		006650F11890DD8B00F97DE5 /* Tutorial_3.jpg in Resources */ = {isa = PBXBuildFile; fileRef = 006650EE1890DD8B00F97DE5 /* Tutorial_3.jpg */; };
		006650F31890E19400F97DE5 /* Settings.bundle in Resources */ = {isa = PBXBuildFile; fileRef = 006650F21890E19400F97DE5 /* Settings.bundle */; };
		006650F81891136E00F97DE5 /* progressCircle.png in Resources */ = {isa = PBXBuildFile; fileRef = 006650F71891136E00F97DE5 /* progressCircle.png */; };
		009FBC361897A0A500A28E73 /* SwipeViewController.m in Sources */ = {isa = PBXBuildFile; fileRef = 009FBC351897A0A500A28E73 /* SwipeViewController.m */; };
		00B1512F187F77EE0036182C /* Foundation.framework in Frameworks */ = {isa = PBXBuildFile; fileRef = 00B1512E187F77EE0036182C /* Foundation.framework */; };
		00B15131187F77EE0036182C /* CoreGraphics.framework in Frameworks */ = {isa = PBXBuildFile; fileRef = 00B15130187F77EE0036182C /* CoreGraphics.framework */; };
		00B15133187F77EE0036182C /* UIKit.framework in Frameworks */ = {isa = PBXBuildFile; fileRef = 00B15132187F77EE0036182C /* UIKit.framework */; };
		00B15139187F77EE0036182C /* InfoPlist.strings in Resources */ = {isa = PBXBuildFile; fileRef = 00B15137187F77EE0036182C /* InfoPlist.strings */; };
		00B1513B187F77EE0036182C /* main.m in Sources */ = {isa = PBXBuildFile; fileRef = 00B1513A187F77EE0036182C /* main.m */; };
		00B1513F187F77EE0036182C /* AppDelegate.m in Sources */ = {isa = PBXBuildFile; fileRef = 00B1513E187F77EE0036182C /* AppDelegate.m */; };
		00B15142187F77EE0036182C /* Main.storyboard in Resources */ = {isa = PBXBuildFile; fileRef = 00B15140187F77EE0036182C /* Main.storyboard */; };
		00B15145187F77EE0036182C /* FirstViewController.m in Sources */ = {isa = PBXBuildFile; fileRef = 00B15144187F77EE0036182C /* FirstViewController.m */; };
		00B15147187F77EE0036182C /* Images.xcassets in Resources */ = {isa = PBXBuildFile; fileRef = 00B15146187F77EE0036182C /* Images.xcassets */; };
		00B1514E187F77EE0036182C /* XCTest.framework in Frameworks */ = {isa = PBXBuildFile; fileRef = 00B1514D187F77EE0036182C /* XCTest.framework */; };
		00B1514F187F77EE0036182C /* Foundation.framework in Frameworks */ = {isa = PBXBuildFile; fileRef = 00B1512E187F77EE0036182C /* Foundation.framework */; };
		00B15150187F77EE0036182C /* UIKit.framework in Frameworks */ = {isa = PBXBuildFile; fileRef = 00B15132187F77EE0036182C /* UIKit.framework */; };
		00B15158187F77EE0036182C /* InfoPlist.strings in Resources */ = {isa = PBXBuildFile; fileRef = 00B15156187F77EE0036182C /* InfoPlist.strings */; };
		00B1515A187F77EE0036182C /* MusicFitProjectTests.m in Sources */ = {isa = PBXBuildFile; fileRef = 00B15159187F77EE0036182C /* MusicFitProjectTests.m */; };
		00F4C2521886A47E006146CD /* PlayViewController.m in Sources */ = {isa = PBXBuildFile; fileRef = 00F4C2511886A47E006146CD /* PlayViewController.m */; };
		00FC19AA1892218800BA2036 /* ModeManager.m in Sources */ = {isa = PBXBuildFile; fileRef = 00FC19A91892218800BA2036 /* ModeManager.m */; };
		00FC19AD1892220B00BA2036 /* Mode.m in Sources */ = {isa = PBXBuildFile; fileRef = 00FC19AC1892220B00BA2036 /* Mode.m */; };
		00FC19B618924A3500BA2036 /* nextMusic_icon.jpg in Resources */ = {isa = PBXBuildFile; fileRef = 00FC19B118924A3500BA2036 /* nextMusic_icon.jpg */; };
		00FC19B718924A3500BA2036 /* play_icon.jpg in Resources */ = {isa = PBXBuildFile; fileRef = 00FC19B218924A3500BA2036 /* play_icon.jpg */; };
		00FC19B818924A3500BA2036 /* preMusic_icon.jpg in Resources */ = {isa = PBXBuildFile; fileRef = 00FC19B318924A3500BA2036 /* preMusic_icon.jpg */; };
		00FC19B918924A3500BA2036 /* sound_icon.jpg in Resources */ = {isa = PBXBuildFile; fileRef = 00FC19B418924A3500BA2036 /* sound_icon.jpg */; };
		00FC19BA18924A3500BA2036 /* suffle_icon.jpg in Resources */ = {isa = PBXBuildFile; fileRef = 00FC19B518924A3500BA2036 /* suffle_icon.jpg */; };
		00FC19C11892544A00BA2036 /* AddedModeCell.m in Sources */ = {isa = PBXBuildFile; fileRef = 00FC19C01892544A00BA2036 /* AddedModeCell.m */; };
		00FC19C41892546200BA2036 /* StaticModeCell.m in Sources */ = {isa = PBXBuildFile; fileRef = 00FC19C31892546200BA2036 /* StaticModeCell.m */; };
		00FEDB071898AD840072D517 /* SwipeView.m in Sources */ = {isa = PBXBuildFile; fileRef = 00FEDB061898AD840072D517 /* SwipeView.m */; };
		00FEDB0B1898AF290072D517 /* UIViewController+SwipeController.m in Sources */ = {isa = PBXBuildFile; fileRef = 00FEDB0A1898AF290072D517 /* UIViewController+SwipeController.m */; };
		00FEDB101898B1C50072D517 /* SwipeGestureRecognizer.m in Sources */ = {isa = PBXBuildFile; fileRef = 00FEDB0F1898B1C50072D517 /* SwipeGestureRecognizer.m */; };
		00FEDB121898C3590072D517 /* AppIcon.png in Resources */ = {isa = PBXBuildFile; fileRef = 00FEDB111898C3590072D517 /* AppIcon.png */; };
		00FEDB171898D6B70072D517 /* player_main.jpg in Resources */ = {isa = PBXBuildFile; fileRef = 00FEDB141898D6B70072D517 /* player_main.jpg */; };
		00FEDB181898D6B70072D517 /* player.jpg in Resources */ = {isa = PBXBuildFile; fileRef = 00FEDB151898D6B70072D517 /* player.jpg */; };
		00FEDB1A1898D8820072D517 /* clock.png in Resources */ = {isa = PBXBuildFile; fileRef = 00FEDB191898D8820072D517 /* clock.png */; };
		00FEDB1D1898E9990072D517 /* PlayerViewController.m in Sources */ = {isa = PBXBuildFile; fileRef = 00FEDB1C1898E9990072D517 /* PlayerViewController.m */; };
/* End PBXBuildFile section */

/* Begin PBXContainerItemProxy section */
		00B15151187F77EE0036182C /* PBXContainerItemProxy */ = {
			isa = PBXContainerItemProxy;
			containerPortal = 00B15123187F77EE0036182C /* Project object */;
			proxyType = 1;
			remoteGlobalIDString = 00B1512A187F77EE0036182C;
			remoteInfo = MusicFitProject;
		};
/* End PBXContainerItemProxy section */

/* Begin PBXFileReference section */
		00058239188D15D1006760D0 /* BPMAnalysis.h */ = {isa = PBXFileReference; fileEncoding = 4; lastKnownFileType = sourcecode.c.h; path = BPMAnalysis.h; sourceTree = "<group>"; };
		0005823A188D15D1006760D0 /* BPMAnalysis.m */ = {isa = PBXFileReference; fileEncoding = 4; lastKnownFileType = sourcecode.c.objc; path = BPMAnalysis.m; sourceTree = "<group>"; };
		00072D6E1887775C00FE977F /* ModeViewController.h */ = {isa = PBXFileReference; fileEncoding = 4; lastKnownFileType = sourcecode.c.h; name = ModeViewController.h; path = ../ModeViewController.h; sourceTree = "<group>"; };
		00072D6F1887775C00FE977F /* ModeViewController.m */ = {isa = PBXFileReference; fileEncoding = 4; lastKnownFileType = sourcecode.c.objc; name = ModeViewController.m; path = ../ModeViewController.m; sourceTree = "<group>"; };
		00077D951891FA3300891C75 /* mode_title.jpg */ = {isa = PBXFileReference; lastKnownFileType = image.jpeg; path = mode_title.jpg; sourceTree = "<group>"; };
		00077D961891FA3300891C75 /* table_background.jpg */ = {isa = PBXFileReference; lastKnownFileType = image.jpeg; path = table_background.jpg; sourceTree = "<group>"; };
		00077D971891FA3300891C75 /* cycle.png */ = {isa = PBXFileReference; lastKnownFileType = image.png; path = cycle.png; sourceTree = "<group>"; };
		00077D9B1891FDBE00891C75 /* DBManager.h */ = {isa = PBXFileReference; fileEncoding = 4; lastKnownFileType = sourcecode.c.h; path = DBManager.h; sourceTree = "<group>"; };
		00077D9C1891FDBE00891C75 /* DBManager.m */ = {isa = PBXFileReference; fileEncoding = 4; lastKnownFileType = sourcecode.c.objc; path = DBManager.m; sourceTree = "<group>"; };
		00077D9E1891FF5800891C75 /* libsqlite3.dylib */ = {isa = PBXFileReference; lastKnownFileType = "compiled.mach-o.dylib"; name = libsqlite3.dylib; path = usr/lib/libsqlite3.dylib; sourceTree = SDKROOT; };
		005BA710188D1A1F003C5889 /* aubio.framework */ = {isa = PBXFileReference; lastKnownFileType = wrapper.framework; path = aubio.framework; sourceTree = "<group>"; };
		006650E61890B3C400F97DE5 /* Main.jpg */ = {isa = PBXFileReference; lastKnownFileType = image.jpeg; path = Main.jpg; sourceTree = "<group>"; };
		006650E71890B3C400F97DE5 /* Tutorial_0.jpg */ = {isa = PBXFileReference; lastKnownFileType = image.jpeg; path = Tutorial_0.jpg; sourceTree = "<group>"; };
		006650EA1890B4BA00F97DE5 /* Title.jpg */ = {isa = PBXFileReference; lastKnownFileType = image.jpeg; path = Title.jpg; sourceTree = "<group>"; };
		006650EC1890DD8B00F97DE5 /* Tutorial_1.jpg */ = {isa = PBXFileReference; lastKnownFileType = image.jpeg; path = Tutorial_1.jpg; sourceTree = "<group>"; };
		006650ED1890DD8B00F97DE5 /* Tutorial_2.jpg */ = {isa = PBXFileReference; lastKnownFileType = image.jpeg; path = Tutorial_2.jpg; sourceTree = "<group>"; };
		006650EE1890DD8B00F97DE5 /* Tutorial_3.jpg */ = {isa = PBXFileReference; lastKnownFileType = image.jpeg; path = Tutorial_3.jpg; sourceTree = "<group>"; };
		006650F21890E19400F97DE5 /* Settings.bundle */ = {isa = PBXFileReference; lastKnownFileType = "wrapper.plug-in"; path = Settings.bundle; sourceTree = "<group>"; };
		006650F71891136E00F97DE5 /* progressCircle.png */ = {isa = PBXFileReference; lastKnownFileType = image.png; path = progressCircle.png; sourceTree = "<group>"; };
		009FBC341897A0A500A28E73 /* SwipeViewController.h */ = {isa = PBXFileReference; fileEncoding = 4; lastKnownFileType = sourcecode.c.h; path = SwipeViewController.h; sourceTree = "<group>"; };
		009FBC351897A0A500A28E73 /* SwipeViewController.m */ = {isa = PBXFileReference; fileEncoding = 4; lastKnownFileType = sourcecode.c.objc; path = SwipeViewController.m; sourceTree = "<group>"; };
		00A0F0DC18974413006FA3F6 /* AddedModeDelegate.h */ = {isa = PBXFileReference; lastKnownFileType = sourcecode.c.h; path = AddedModeDelegate.h; sourceTree = "<group>"; };
		00B1512B187F77EE0036182C /* MusicFitProject.app */ = {isa = PBXFileReference; explicitFileType = wrapper.application; includeInIndex = 0; path = MusicFitProject.app; sourceTree = BUILT_PRODUCTS_DIR; };
		00B1512E187F77EE0036182C /* Foundation.framework */ = {isa = PBXFileReference; lastKnownFileType = wrapper.framework; name = Foundation.framework; path = System/Library/Frameworks/Foundation.framework; sourceTree = SDKROOT; };
		00B15130187F77EE0036182C /* CoreGraphics.framework */ = {isa = PBXFileReference; lastKnownFileType = wrapper.framework; name = CoreGraphics.framework; path = System/Library/Frameworks/CoreGraphics.framework; sourceTree = SDKROOT; };
		00B15132187F77EE0036182C /* UIKit.framework */ = {isa = PBXFileReference; lastKnownFileType = wrapper.framework; name = UIKit.framework; path = System/Library/Frameworks/UIKit.framework; sourceTree = SDKROOT; };
		00B15136187F77EE0036182C /* MusicFitProject-Info.plist */ = {isa = PBXFileReference; lastKnownFileType = text.plist.xml; path = "MusicFitProject-Info.plist"; sourceTree = "<group>"; };
		00B15138187F77EE0036182C /* en */ = {isa = PBXFileReference; lastKnownFileType = text.plist.strings; name = en; path = en.lproj/InfoPlist.strings; sourceTree = "<group>"; };
		00B1513A187F77EE0036182C /* main.m */ = {isa = PBXFileReference; lastKnownFileType = sourcecode.c.objc; path = main.m; sourceTree = "<group>"; };
		00B1513C187F77EE0036182C /* MusicFitProject-Prefix.pch */ = {isa = PBXFileReference; lastKnownFileType = sourcecode.c.h; path = "MusicFitProject-Prefix.pch"; sourceTree = "<group>"; };
		00B1513D187F77EE0036182C /* AppDelegate.h */ = {isa = PBXFileReference; lastKnownFileType = sourcecode.c.h; path = AppDelegate.h; sourceTree = "<group>"; };
		00B1513E187F77EE0036182C /* AppDelegate.m */ = {isa = PBXFileReference; lastKnownFileType = sourcecode.c.objc; path = AppDelegate.m; sourceTree = "<group>"; };
		00B15141187F77EE0036182C /* Base */ = {isa = PBXFileReference; lastKnownFileType = file.storyboard; name = Base; path = Base.lproj/Main.storyboard; sourceTree = "<group>"; };
		00B15143187F77EE0036182C /* FirstViewController.h */ = {isa = PBXFileReference; lastKnownFileType = sourcecode.c.h; path = FirstViewController.h; sourceTree = "<group>"; };
		00B15144187F77EE0036182C /* FirstViewController.m */ = {isa = PBXFileReference; lastKnownFileType = sourcecode.c.objc; path = FirstViewController.m; sourceTree = "<group>"; };
		00B15146187F77EE0036182C /* Images.xcassets */ = {isa = PBXFileReference; lastKnownFileType = folder.assetcatalog; path = Images.xcassets; sourceTree = "<group>"; };
		00B1514C187F77EE0036182C /* MusicFitProjectTests.xctest */ = {isa = PBXFileReference; explicitFileType = wrapper.cfbundle; includeInIndex = 0; path = MusicFitProjectTests.xctest; sourceTree = BUILT_PRODUCTS_DIR; };
		00B1514D187F77EE0036182C /* XCTest.framework */ = {isa = PBXFileReference; lastKnownFileType = wrapper.framework; name = XCTest.framework; path = Library/Frameworks/XCTest.framework; sourceTree = DEVELOPER_DIR; };
		00B15155187F77EE0036182C /* MusicFitProjectTests-Info.plist */ = {isa = PBXFileReference; lastKnownFileType = text.plist.xml; path = "MusicFitProjectTests-Info.plist"; sourceTree = "<group>"; };
		00B15157187F77EE0036182C /* en */ = {isa = PBXFileReference; lastKnownFileType = text.plist.strings; name = en; path = en.lproj/InfoPlist.strings; sourceTree = "<group>"; };
		00B15159187F77EE0036182C /* MusicFitProjectTests.m */ = {isa = PBXFileReference; lastKnownFileType = sourcecode.c.objc; path = MusicFitProjectTests.m; sourceTree = "<group>"; };
		00F4C2501886A47E006146CD /* PlayViewController.h */ = {isa = PBXFileReference; fileEncoding = 4; lastKnownFileType = sourcecode.c.h; name = PlayViewController.h; path = ../PlayViewController.h; sourceTree = "<group>"; };
		00F4C2511886A47E006146CD /* PlayViewController.m */ = {isa = PBXFileReference; fileEncoding = 4; lastKnownFileType = sourcecode.c.objc; name = PlayViewController.m; path = ../PlayViewController.m; sourceTree = "<group>"; };
		00FC19A81892218800BA2036 /* ModeManager.h */ = {isa = PBXFileReference; fileEncoding = 4; lastKnownFileType = sourcecode.c.h; path = ModeManager.h; sourceTree = "<group>"; };
		00FC19A91892218800BA2036 /* ModeManager.m */ = {isa = PBXFileReference; fileEncoding = 4; lastKnownFileType = sourcecode.c.objc; path = ModeManager.m; sourceTree = "<group>"; };
		00FC19AB1892220B00BA2036 /* Mode.h */ = {isa = PBXFileReference; fileEncoding = 4; lastKnownFileType = sourcecode.c.h; path = Mode.h; sourceTree = "<group>"; };
		00FC19AC1892220B00BA2036 /* Mode.m */ = {isa = PBXFileReference; fileEncoding = 4; lastKnownFileType = sourcecode.c.objc; path = Mode.m; sourceTree = "<group>"; };
		00FC19B118924A3500BA2036 /* nextMusic_icon.jpg */ = {isa = PBXFileReference; lastKnownFileType = image.jpeg; path = nextMusic_icon.jpg; sourceTree = "<group>"; };
		00FC19B218924A3500BA2036 /* play_icon.jpg */ = {isa = PBXFileReference; lastKnownFileType = image.jpeg; path = play_icon.jpg; sourceTree = "<group>"; };
		00FC19B318924A3500BA2036 /* preMusic_icon.jpg */ = {isa = PBXFileReference; lastKnownFileType = image.jpeg; path = preMusic_icon.jpg; sourceTree = "<group>"; };
		00FC19B418924A3500BA2036 /* sound_icon.jpg */ = {isa = PBXFileReference; lastKnownFileType = image.jpeg; path = sound_icon.jpg; sourceTree = "<group>"; };
		00FC19B518924A3500BA2036 /* suffle_icon.jpg */ = {isa = PBXFileReference; lastKnownFileType = image.jpeg; path = suffle_icon.jpg; sourceTree = "<group>"; };
		00FC19BF1892544A00BA2036 /* AddedModeCell.h */ = {isa = PBXFileReference; fileEncoding = 4; lastKnownFileType = sourcecode.c.h; path = AddedModeCell.h; sourceTree = "<group>"; };
		00FC19C01892544A00BA2036 /* AddedModeCell.m */ = {isa = PBXFileReference; fileEncoding = 4; lastKnownFileType = sourcecode.c.objc; path = AddedModeCell.m; sourceTree = "<group>"; };
		00FC19C21892546200BA2036 /* StaticModeCell.h */ = {isa = PBXFileReference; fileEncoding = 4; lastKnownFileType = sourcecode.c.h; path = StaticModeCell.h; sourceTree = "<group>"; };
		00FC19C31892546200BA2036 /* StaticModeCell.m */ = {isa = PBXFileReference; fileEncoding = 4; lastKnownFileType = sourcecode.c.objc; path = StaticModeCell.m; sourceTree = "<group>"; };
		00FEDB051898AD840072D517 /* SwipeView.h */ = {isa = PBXFileReference; fileEncoding = 4; lastKnownFileType = sourcecode.c.h; path = SwipeView.h; sourceTree = "<group>"; };
		00FEDB061898AD840072D517 /* SwipeView.m */ = {isa = PBXFileReference; fileEncoding = 4; lastKnownFileType = sourcecode.c.objc; path = SwipeView.m; sourceTree = "<group>"; };
		00FEDB091898AF290072D517 /* UIViewController+SwipeController.h */ = {isa = PBXFileReference; fileEncoding = 4; lastKnownFileType = sourcecode.c.h; path = "UIViewController+SwipeController.h"; sourceTree = "<group>"; };
		00FEDB0A1898AF290072D517 /* UIViewController+SwipeController.m */ = {isa = PBXFileReference; fileEncoding = 4; lastKnownFileType = sourcecode.c.objc; path = "UIViewController+SwipeController.m"; sourceTree = "<group>"; };
		00FEDB0D1898AFB70072D517 /* SwipeController.h */ = {isa = PBXFileReference; fileEncoding = 4; lastKnownFileType = sourcecode.c.h; path = SwipeController.h; sourceTree = "<group>"; };
		00FEDB0E1898B1C50072D517 /* SwipeGestureRecognizer.h */ = {isa = PBXFileReference; fileEncoding = 4; lastKnownFileType = sourcecode.c.h; path = SwipeGestureRecognizer.h; sourceTree = "<group>"; };
		00FEDB0F1898B1C50072D517 /* SwipeGestureRecognizer.m */ = {isa = PBXFileReference; fileEncoding = 4; lastKnownFileType = sourcecode.c.objc; path = SwipeGestureRecognizer.m; sourceTree = "<group>"; };
		00FEDB111898C3590072D517 /* AppIcon.png */ = {isa = PBXFileReference; lastKnownFileType = image.png; path = AppIcon.png; sourceTree = "<group>"; };
		00FEDB141898D6B70072D517 /* player_main.jpg */ = {isa = PBXFileReference; lastKnownFileType = image.jpeg; path = player_main.jpg; sourceTree = "<group>"; };
		00FEDB151898D6B70072D517 /* player.jpg */ = {isa = PBXFileReference; lastKnownFileType = image.jpeg; path = player.jpg; sourceTree = "<group>"; };
		00FEDB191898D8820072D517 /* clock.png */ = {isa = PBXFileReference; lastKnownFileType = image.png; path = clock.png; sourceTree = "<group>"; };
		00FEDB1B1898E9990072D517 /* PlayerViewController.h */ = {isa = PBXFileReference; fileEncoding = 4; lastKnownFileType = sourcecode.c.h; path = PlayerViewController.h; sourceTree = "<group>"; };
		00FEDB1C1898E9990072D517 /* PlayerViewController.m */ = {isa = PBXFileReference; fileEncoding = 4; lastKnownFileType = sourcecode.c.objc; path = PlayerViewController.m; sourceTree = "<group>"; };
/* End PBXFileReference section */

/* Begin PBXFrameworksBuildPhase section */
		00B15128187F77EE0036182C /* Frameworks */ = {
			isa = PBXFrameworksBuildPhase;
			buildActionMask = 2147483647;
			files = (
				00077D9F1891FF5800891C75 /* libsqlite3.dylib in Frameworks */,
				00B15131187F77EE0036182C /* CoreGraphics.framework in Frameworks */,
				00B15133187F77EE0036182C /* UIKit.framework in Frameworks */,
				00B1512F187F77EE0036182C /* Foundation.framework in Frameworks */,
				005BA711188D1A1F003C5889 /* aubio.framework in Frameworks */,
			);
			runOnlyForDeploymentPostprocessing = 0;
		};
		00B15149187F77EE0036182C /* Frameworks */ = {
			isa = PBXFrameworksBuildPhase;
			buildActionMask = 2147483647;
			files = (
				00B1514E187F77EE0036182C /* XCTest.framework in Frameworks */,
				00B15150187F77EE0036182C /* UIKit.framework in Frameworks */,
				00B1514F187F77EE0036182C /* Foundation.framework in Frameworks */,
			);
			runOnlyForDeploymentPostprocessing = 0;
		};
/* End PBXFrameworksBuildPhase section */

/* Begin PBXGroup section */
		006650E51890B3C400F97DE5 /* images */ = {
			isa = PBXGroup;
			children = (
				00FEDB191898D8820072D517 /* clock.png */,
				00FEDB141898D6B70072D517 /* player_main.jpg */,
				00FEDB151898D6B70072D517 /* player.jpg */,
				00FEDB111898C3590072D517 /* AppIcon.png */,
				00FC19B118924A3500BA2036 /* nextMusic_icon.jpg */,
				00FC19B218924A3500BA2036 /* play_icon.jpg */,
				00FC19B318924A3500BA2036 /* preMusic_icon.jpg */,
				00FC19B418924A3500BA2036 /* sound_icon.jpg */,
				00FC19B518924A3500BA2036 /* suffle_icon.jpg */,
				00077D951891FA3300891C75 /* mode_title.jpg */,
				00077D961891FA3300891C75 /* table_background.jpg */,
				00077D971891FA3300891C75 /* cycle.png */,
				006650F71891136E00F97DE5 /* progressCircle.png */,
				006650EC1890DD8B00F97DE5 /* Tutorial_1.jpg */,
				006650ED1890DD8B00F97DE5 /* Tutorial_2.jpg */,
				006650EE1890DD8B00F97DE5 /* Tutorial_3.jpg */,
				006650EA1890B4BA00F97DE5 /* Title.jpg */,
				006650E61890B3C400F97DE5 /* Main.jpg */,
				006650E71890B3C400F97DE5 /* Tutorial_0.jpg */,
			);
			path = images;
			sourceTree = "<group>";
		};
		00B15122187F77EE0036182C = {
			isa = PBXGroup;
			children = (
				006650F21890E19400F97DE5 /* Settings.bundle */,
				006650E51890B3C400F97DE5 /* images */,
				00B15134187F77EE0036182C /* MusicFitProject */,
				00B15153187F77EE0036182C /* MusicFitProjectTests */,
				00B1512D187F77EE0036182C /* Frameworks */,
				00B1512C187F77EE0036182C /* Products */,
			);
			sourceTree = "<group>";
		};
		00B1512C187F77EE0036182C /* Products */ = {
			isa = PBXGroup;
			children = (
				00B1512B187F77EE0036182C /* MusicFitProject.app */,
				00B1514C187F77EE0036182C /* MusicFitProjectTests.xctest */,
			);
			name = Products;
			sourceTree = "<group>";
		};
		00B1512D187F77EE0036182C /* Frameworks */ = {
			isa = PBXGroup;
			children = (
				00077D9E1891FF5800891C75 /* libsqlite3.dylib */,
				005BA710188D1A1F003C5889 /* aubio.framework */,
				00B1512E187F77EE0036182C /* Foundation.framework */,
				00B15130187F77EE0036182C /* CoreGraphics.framework */,
				00B15132187F77EE0036182C /* UIKit.framework */,
				00B1514D187F77EE0036182C /* XCTest.framework */,
			);
			name = Frameworks;
			sourceTree = "<group>";
		};
		00B15134187F77EE0036182C /* MusicFitProject */ = {
			isa = PBXGroup;
			children = (
				00FEDB041898AD6B0072D517 /* Swipe */,
				00FC19BB1892540100BA2036 /* Mode */,
				00FC19A71892216200BA2036 /* DB_Class */,
				00B15143187F77EE0036182C /* FirstViewController.h */,
				00B15144187F77EE0036182C /* FirstViewController.m */,
				00B1513D187F77EE0036182C /* AppDelegate.h */,
				00B1513E187F77EE0036182C /* AppDelegate.m */,
				00B15140187F77EE0036182C /* Main.storyboard */,
				00B15146187F77EE0036182C /* Images.xcassets */,
				00B15135187F77EE0036182C /* Supporting Files */,
				00F4C2501886A47E006146CD /* PlayViewController.h */,
				00F4C2511886A47E006146CD /* PlayViewController.m */,
				00058239188D15D1006760D0 /* BPMAnalysis.h */,
				0005823A188D15D1006760D0 /* BPMAnalysis.m */,
				00FEDB1B1898E9990072D517 /* PlayerViewController.h */,
				00FEDB1C1898E9990072D517 /* PlayerViewController.m */,
			);
			path = MusicFitProject;
			sourceTree = "<group>";
		};
		00B15135187F77EE0036182C /* Supporting Files */ = {
			isa = PBXGroup;
			children = (
				00B15136187F77EE0036182C /* MusicFitProject-Info.plist */,
				00B15137187F77EE0036182C /* InfoPlist.strings */,
				00B1513A187F77EE0036182C /* main.m */,
				00B1513C187F77EE0036182C /* MusicFitProject-Prefix.pch */,
			);
			name = "Supporting Files";
			sourceTree = "<group>";
		};
		00B15153187F77EE0036182C /* MusicFitProjectTests */ = {
			isa = PBXGroup;
			children = (
				00B15159187F77EE0036182C /* MusicFitProjectTests.m */,
				00B15154187F77EE0036182C /* Supporting Files */,
			);
			path = MusicFitProjectTests;
			sourceTree = "<group>";
		};
		00B15154187F77EE0036182C /* Supporting Files */ = {
			isa = PBXGroup;
			children = (
				00B15155187F77EE0036182C /* MusicFitProjectTests-Info.plist */,
				00B15156187F77EE0036182C /* InfoPlist.strings */,
			);
			name = "Supporting Files";
			sourceTree = "<group>";
		};
		00FC19A71892216200BA2036 /* DB_Class */ = {
			isa = PBXGroup;
			children = (
				00077D9B1891FDBE00891C75 /* DBManager.h */,
				00077D9C1891FDBE00891C75 /* DBManager.m */,
				00FC19A81892218800BA2036 /* ModeManager.h */,
				00FC19A91892218800BA2036 /* ModeManager.m */,
			);
			name = DB_Class;
			sourceTree = "<group>";
		};
		00FC19BB1892540100BA2036 /* Mode */ = {
			isa = PBXGroup;
			children = (
				00FC19AB1892220B00BA2036 /* Mode.h */,
				00FC19AC1892220B00BA2036 /* Mode.m */,
				00072D6E1887775C00FE977F /* ModeViewController.h */,
				00072D6F1887775C00FE977F /* ModeViewController.m */,
				00FC19BF1892544A00BA2036 /* AddedModeCell.h */,
				00FC19C01892544A00BA2036 /* AddedModeCell.m */,
				00FC19C21892546200BA2036 /* StaticModeCell.h */,
				00FC19C31892546200BA2036 /* StaticModeCell.m */,
				00A0F0DC18974413006FA3F6 /* AddedModeDelegate.h */,
			);
			name = Mode;
			sourceTree = "<group>";
		};
		00FEDB041898AD6B0072D517 /* Swipe */ = {
			isa = PBXGroup;
			children = (
				009FBC341897A0A500A28E73 /* SwipeViewController.h */,
				009FBC351897A0A500A28E73 /* SwipeViewController.m */,
				00FEDB051898AD840072D517 /* SwipeView.h */,
				00FEDB061898AD840072D517 /* SwipeView.m */,
				00FEDB091898AF290072D517 /* UIViewController+SwipeController.h */,
				00FEDB0A1898AF290072D517 /* UIViewController+SwipeController.m */,
				00FEDB0E1898B1C50072D517 /* SwipeGestureRecognizer.h */,
				00FEDB0F1898B1C50072D517 /* SwipeGestureRecognizer.m */,
				00FEDB0D1898AFB70072D517 /* SwipeController.h */,
			);
			name = Swipe;
			sourceTree = "<group>";
		};
/* End PBXGroup section */

/* Begin PBXNativeTarget section */
		00B1512A187F77EE0036182C /* MusicFitProject */ = {
			isa = PBXNativeTarget;
			buildConfigurationList = 00B1515D187F77EE0036182C /* Build configuration list for PBXNativeTarget "MusicFitProject" */;
			buildPhases = (
				00B15127187F77EE0036182C /* Sources */,
				00B15128187F77EE0036182C /* Frameworks */,
				00B15129187F77EE0036182C /* Resources */,
			);
			buildRules = (
			);
			dependencies = (
			);
			name = MusicFitProject;
			productName = MusicFitProject;
			productReference = 00B1512B187F77EE0036182C /* MusicFitProject.app */;
			productType = "com.apple.product-type.application";
		};
		00B1514B187F77EE0036182C /* MusicFitProjectTests */ = {
			isa = PBXNativeTarget;
			buildConfigurationList = 00B15160187F77EE0036182C /* Build configuration list for PBXNativeTarget "MusicFitProjectTests" */;
			buildPhases = (
				00B15148187F77EE0036182C /* Sources */,
				00B15149187F77EE0036182C /* Frameworks */,
				00B1514A187F77EE0036182C /* Resources */,
			);
			buildRules = (
			);
			dependencies = (
				00B15152187F77EE0036182C /* PBXTargetDependency */,
			);
			name = MusicFitProjectTests;
			productName = MusicFitProjectTests;
			productReference = 00B1514C187F77EE0036182C /* MusicFitProjectTests.xctest */;
			productType = "com.apple.product-type.bundle.unit-test";
		};
/* End PBXNativeTarget section */

/* Begin PBXProject section */
		00B15123187F77EE0036182C /* Project object */ = {
			isa = PBXProject;
			attributes = {
				LastUpgradeCheck = 0500;
				ORGANIZATIONNAME = "SDT-1";
				TargetAttributes = {
					00B1514B187F77EE0036182C = {
						TestTargetID = 00B1512A187F77EE0036182C;
					};
				};
			};
			buildConfigurationList = 00B15126187F77EE0036182C /* Build configuration list for PBXProject "MusicFitProject" */;
			compatibilityVersion = "Xcode 3.2";
			developmentRegion = English;
			hasScannedForEncodings = 0;
			knownRegions = (
				en,
				Base,
			);
			mainGroup = 00B15122187F77EE0036182C;
			productRefGroup = 00B1512C187F77EE0036182C /* Products */;
			projectDirPath = "";
			projectRoot = "";
			targets = (
				00B1512A187F77EE0036182C /* MusicFitProject */,
				00B1514B187F77EE0036182C /* MusicFitProjectTests */,
			);
		};
/* End PBXProject section */

/* Begin PBXResourcesBuildPhase section */
		00B15129187F77EE0036182C /* Resources */ = {
			isa = PBXResourcesBuildPhase;
			buildActionMask = 2147483647;
			files = (
				00FC19B818924A3500BA2036 /* preMusic_icon.jpg in Resources */,
				006650EB1890B4BA00F97DE5 /* Title.jpg in Resources */,
				006650E91890B3C400F97DE5 /* Tutorial_0.jpg in Resources */,
				006650F81891136E00F97DE5 /* progressCircle.png in Resources */,
				00FC19BA18924A3500BA2036 /* suffle_icon.jpg in Resources */,
				006650F31890E19400F97DE5 /* Settings.bundle in Resources */,
				00FEDB1A1898D8820072D517 /* clock.png in Resources */,
				00077D9A1891FA3300891C75 /* cycle.png in Resources */,
				006650F01890DD8B00F97DE5 /* Tutorial_2.jpg in Resources */,
				00FC19B618924A3500BA2036 /* nextMusic_icon.jpg in Resources */,
				00FEDB121898C3590072D517 /* AppIcon.png in Resources */,
				00FEDB181898D6B70072D517 /* player.jpg in Resources */,
				006650F11890DD8B00F97DE5 /* Tutorial_3.jpg in Resources */,
				00FEDB171898D6B70072D517 /* player_main.jpg in Resources */,
				00B15147187F77EE0036182C /* Images.xcassets in Resources */,
				00077D981891FA3300891C75 /* mode_title.jpg in Resources */,
				00FC19B718924A3500BA2036 /* play_icon.jpg in Resources */,
				00FC19B918924A3500BA2036 /* sound_icon.jpg in Resources */,
				00B15139187F77EE0036182C /* InfoPlist.strings in Resources */,
				006650E81890B3C400F97DE5 /* Main.jpg in Resources */,
				00077D991891FA3300891C75 /* table_background.jpg in Resources */,
				00B15142187F77EE0036182C /* Main.storyboard in Resources */,
				006650EF1890DD8B00F97DE5 /* Tutorial_1.jpg in Resources */,
			);
			runOnlyForDeploymentPostprocessing = 0;
		};
		00B1514A187F77EE0036182C /* Resources */ = {
			isa = PBXResourcesBuildPhase;
			buildActionMask = 2147483647;
			files = (
				00B15158187F77EE0036182C /* InfoPlist.strings in Resources */,
			);
			runOnlyForDeploymentPostprocessing = 0;
		};
/* End PBXResourcesBuildPhase section */

/* Begin PBXSourcesBuildPhase section */
		00B15127187F77EE0036182C /* Sources */ = {
			isa = PBXSourcesBuildPhase;
			buildActionMask = 2147483647;
			files = (
				00FC19AD1892220B00BA2036 /* Mode.m in Sources */,
				00FC19AA1892218800BA2036 /* ModeManager.m in Sources */,
				00077D9D1891FDBE00891C75 /* DBManager.m in Sources */,
				009FBC361897A0A500A28E73 /* SwipeViewController.m in Sources */,
				0005823B188D15D1006760D0 /* BPMAnalysis.m in Sources */,
				00B15145187F77EE0036182C /* FirstViewController.m in Sources */,
				00FEDB071898AD840072D517 /* SwipeView.m in Sources */,
				00FC19C41892546200BA2036 /* StaticModeCell.m in Sources */,
				00B1513F187F77EE0036182C /* AppDelegate.m in Sources */,
				00FEDB0B1898AF290072D517 /* UIViewController+SwipeController.m in Sources */,
				00B1513B187F77EE0036182C /* main.m in Sources */,
				00F4C2521886A47E006146CD /* PlayViewController.m in Sources */,
				00FC19C11892544A00BA2036 /* AddedModeCell.m in Sources */,
				00FEDB1D1898E9990072D517 /* PlayerViewController.m in Sources */,
				00072D701887775C00FE977F /* ModeViewController.m in Sources */,
				00FEDB101898B1C50072D517 /* SwipeGestureRecognizer.m in Sources */,
			);
			runOnlyForDeploymentPostprocessing = 0;
		};
		00B15148187F77EE0036182C /* Sources */ = {
			isa = PBXSourcesBuildPhase;
			buildActionMask = 2147483647;
			files = (
				00B1515A187F77EE0036182C /* MusicFitProjectTests.m in Sources */,
			);
			runOnlyForDeploymentPostprocessing = 0;
		};
/* End PBXSourcesBuildPhase section */

/* Begin PBXTargetDependency section */
		00B15152187F77EE0036182C /* PBXTargetDependency */ = {
			isa = PBXTargetDependency;
			target = 00B1512A187F77EE0036182C /* MusicFitProject */;
			targetProxy = 00B15151187F77EE0036182C /* PBXContainerItemProxy */;
		};
/* End PBXTargetDependency section */

/* Begin PBXVariantGroup section */
		00B15137187F77EE0036182C /* InfoPlist.strings */ = {
			isa = PBXVariantGroup;
			children = (
				00B15138187F77EE0036182C /* en */,
			);
			name = InfoPlist.strings;
			sourceTree = "<group>";
		};
		00B15140187F77EE0036182C /* Main.storyboard */ = {
			isa = PBXVariantGroup;
			children = (
				00B15141187F77EE0036182C /* Base */,
			);
			name = Main.storyboard;
			sourceTree = "<group>";
		};
		00B15156187F77EE0036182C /* InfoPlist.strings */ = {
			isa = PBXVariantGroup;
			children = (
				00B15157187F77EE0036182C /* en */,
			);
			name = InfoPlist.strings;
			sourceTree = "<group>";
		};
/* End PBXVariantGroup section */

/* Begin XCBuildConfiguration section */
		00B1515B187F77EE0036182C /* Debug */ = {
			isa = XCBuildConfiguration;
			buildSettings = {
				ALWAYS_SEARCH_USER_PATHS = NO;
				ARCHS = "$(ARCHS_STANDARD_INCLUDING_64_BIT)";
				CLANG_CXX_LANGUAGE_STANDARD = "gnu++0x";
				CLANG_CXX_LIBRARY = "libc++";
				CLANG_ENABLE_MODULES = YES;
				CLANG_ENABLE_OBJC_ARC = YES;
				CLANG_WARN_BOOL_CONVERSION = YES;
				CLANG_WARN_CONSTANT_CONVERSION = YES;
				CLANG_WARN_DIRECT_OBJC_ISA_USAGE = YES_ERROR;
				CLANG_WARN_EMPTY_BODY = YES;
				CLANG_WARN_ENUM_CONVERSION = YES;
				CLANG_WARN_INT_CONVERSION = YES;
				CLANG_WARN_OBJC_ROOT_CLASS = YES_ERROR;
				CLANG_WARN__DUPLICATE_METHOD_MATCH = YES;
				"CODE_SIGN_IDENTITY[sdk=iphoneos*]" = "iPhone Developer";
				COPY_PHASE_STRIP = NO;
				GCC_C_LANGUAGE_STANDARD = gnu99;
				GCC_DYNAMIC_NO_PIC = NO;
				GCC_OPTIMIZATION_LEVEL = 0;
				GCC_PREPROCESSOR_DEFINITIONS = (
					"DEBUG=1",
					"$(inherited)",
				);
				GCC_SYMBOLS_PRIVATE_EXTERN = NO;
				GCC_WARN_64_TO_32_BIT_CONVERSION = YES;
				GCC_WARN_ABOUT_RETURN_TYPE = YES_ERROR;
				GCC_WARN_UNDECLARED_SELECTOR = YES;
				GCC_WARN_UNINITIALIZED_AUTOS = YES;
				GCC_WARN_UNUSED_FUNCTION = YES;
				GCC_WARN_UNUSED_VARIABLE = YES;
				IPHONEOS_DEPLOYMENT_TARGET = 7.0;
				ONLY_ACTIVE_ARCH = YES;
				SDKROOT = iphoneos;
			};
			name = Debug;
		};
		00B1515C187F77EE0036182C /* Release */ = {
			isa = XCBuildConfiguration;
			buildSettings = {
				ALWAYS_SEARCH_USER_PATHS = NO;
				ARCHS = "$(ARCHS_STANDARD_INCLUDING_64_BIT)";
				CLANG_CXX_LANGUAGE_STANDARD = "gnu++0x";
				CLANG_CXX_LIBRARY = "libc++";
				CLANG_ENABLE_MODULES = YES;
				CLANG_ENABLE_OBJC_ARC = YES;
				CLANG_WARN_BOOL_CONVERSION = YES;
				CLANG_WARN_CONSTANT_CONVERSION = YES;
				CLANG_WARN_DIRECT_OBJC_ISA_USAGE = YES_ERROR;
				CLANG_WARN_EMPTY_BODY = YES;
				CLANG_WARN_ENUM_CONVERSION = YES;
				CLANG_WARN_INT_CONVERSION = YES;
				CLANG_WARN_OBJC_ROOT_CLASS = YES_ERROR;
				CLANG_WARN__DUPLICATE_METHOD_MATCH = YES;
				"CODE_SIGN_IDENTITY[sdk=iphoneos*]" = "iPhone Developer";
				COPY_PHASE_STRIP = YES;
				ENABLE_NS_ASSERTIONS = NO;
				GCC_C_LANGUAGE_STANDARD = gnu99;
				GCC_WARN_64_TO_32_BIT_CONVERSION = YES;
				GCC_WARN_ABOUT_RETURN_TYPE = YES_ERROR;
				GCC_WARN_UNDECLARED_SELECTOR = YES;
				GCC_WARN_UNINITIALIZED_AUTOS = YES;
				GCC_WARN_UNUSED_FUNCTION = YES;
				GCC_WARN_UNUSED_VARIABLE = YES;
				IPHONEOS_DEPLOYMENT_TARGET = 7.0;
				SDKROOT = iphoneos;
				VALIDATE_PRODUCT = YES;
			};
			name = Release;
		};
		00B1515E187F77EE0036182C /* Debug */ = {
			isa = XCBuildConfiguration;
			buildSettings = {
				ASSETCATALOG_COMPILER_APPICON_NAME = AppIcon;
				ASSETCATALOG_COMPILER_LAUNCHIMAGE_NAME = LaunchImage;
				CODE_SIGN_IDENTITY = "iPhone Developer";
				FRAMEWORK_SEARCH_PATHS = (
					"$(inherited)",
					"/Users/sdt-1/Documents/Projects/MusicFitProject",
				);
				GCC_PRECOMPILE_PREFIX_HEADER = YES;
				GCC_PREFIX_HEADER = "MusicFitProject/MusicFitProject-Prefix.pch";
				INFOPLIST_FILE = "MusicFitProject/MusicFitProject-Info.plist";
				PRODUCT_NAME = "$(TARGET_NAME)";
				WRAPPER_EXTENSION = app;
			};
			name = Debug;
		};
		00B1515F187F77EE0036182C /* Release */ = {
			isa = XCBuildConfiguration;
			buildSettings = {
				ASSETCATALOG_COMPILER_APPICON_NAME = AppIcon;
				ASSETCATALOG_COMPILER_LAUNCHIMAGE_NAME = LaunchImage;
				CODE_SIGN_IDENTITY = "iPhone Developer";
				FRAMEWORK_SEARCH_PATHS = (
					"$(inherited)",
					"/Users/sdt-1/Documents/Projects/MusicFitProject",
				);
				GCC_PRECOMPILE_PREFIX_HEADER = YES;
				GCC_PREFIX_HEADER = "MusicFitProject/MusicFitProject-Prefix.pch";
				INFOPLIST_FILE = "MusicFitProject/MusicFitProject-Info.plist";
				PRODUCT_NAME = "$(TARGET_NAME)";
				WRAPPER_EXTENSION = app;
			};
			name = Release;
		};
		00B15161187F77EE0036182C /* Debug */ = {
			isa = XCBuildConfiguration;
			buildSettings = {
				ARCHS = "$(ARCHS_STANDARD_INCLUDING_64_BIT)";
				BUNDLE_LOADER = "$(BUILT_PRODUCTS_DIR)/MusicFitProject.app/MusicFitProject";
				FRAMEWORK_SEARCH_PATHS = (
					"$(SDKROOT)/Developer/Library/Frameworks",
					"$(inherited)",
					"$(DEVELOPER_FRAMEWORKS_DIR)",
				);
				GCC_PRECOMPILE_PREFIX_HEADER = YES;
				GCC_PREFIX_HEADER = "MusicFitProject/MusicFitProject-Prefix.pch";
				GCC_PREPROCESSOR_DEFINITIONS = (
					"DEBUG=1",
					"$(inherited)",
				);
				INFOPLIST_FILE = "MusicFitProjectTests/MusicFitProjectTests-Info.plist";
				PRODUCT_NAME = "$(TARGET_NAME)";
				TEST_HOST = "$(BUNDLE_LOADER)";
				WRAPPER_EXTENSION = xctest;
			};
			name = Debug;
		};
		00B15162187F77EE0036182C /* Release */ = {
			isa = XCBuildConfiguration;
			buildSettings = {
				ARCHS = "$(ARCHS_STANDARD_INCLUDING_64_BIT)";
				BUNDLE_LOADER = "$(BUILT_PRODUCTS_DIR)/MusicFitProject.app/MusicFitProject";
				FRAMEWORK_SEARCH_PATHS = (
					"$(SDKROOT)/Developer/Library/Frameworks",
					"$(inherited)",
					"$(DEVELOPER_FRAMEWORKS_DIR)",
				);
				GCC_PRECOMPILE_PREFIX_HEADER = YES;
				GCC_PREFIX_HEADER = "MusicFitProject/MusicFitProject-Prefix.pch";
				INFOPLIST_FILE = "MusicFitProjectTests/MusicFitProjectTests-Info.plist";
				PRODUCT_NAME = "$(TARGET_NAME)";
				TEST_HOST = "$(BUNDLE_LOADER)";
				WRAPPER_EXTENSION = xctest;
			};
			name = Release;
		};
/* End XCBuildConfiguration section */

/* Begin XCConfigurationList section */
		00B15126187F77EE0036182C /* Build configuration list for PBXProject "MusicFitProject" */ = {
			isa = XCConfigurationList;
			buildConfigurations = (
				00B1515B187F77EE0036182C /* Debug */,
				00B1515C187F77EE0036182C /* Release */,
			);
			defaultConfigurationIsVisible = 0;
			defaultConfigurationName = Release;
		};
		00B1515D187F77EE0036182C /* Build configuration list for PBXNativeTarget "MusicFitProject" */ = {
			isa = XCConfigurationList;
			buildConfigurations = (
				00B1515E187F77EE0036182C /* Debug */,
				00B1515F187F77EE0036182C /* Release */,
			);
			defaultConfigurationIsVisible = 0;
			defaultConfigurationName = Release;
		};
		00B15160187F77EE0036182C /* Build configuration list for PBXNativeTarget "MusicFitProjectTests" */ = {
			isa = XCConfigurationList;
			buildConfigurations = (
				00B15161187F77EE0036182C /* Debug */,
				00B15162187F77EE0036182C /* Release */,
			);
			defaultConfigurationIsVisible = 0;
			defaultConfigurationName = Release;
		};
/* End XCConfigurationList section */
	};
	rootObject = 00B15123187F77EE0036182C /* Project object */;
}
