// !$*UTF8*$!
{
	archiveVersion = 1;
	classes = {
	};
	objectVersion = 46;
	objects = {

/* Begin PBXBuildFile section */
		0005823B188D15D1006760D0 /* BPMAnalysis.m in Sources */ = {isa = PBXBuildFile; fileRef = 0005823A188D15D1006760D0 /* BPMAnalysis.m */; };
		00072D701887775C00FE977F /* ModeViewController.m in Sources */ = {isa = PBXBuildFile; fileRef = 00072D6F1887775C00FE977F /* ModeViewController.m */; };
		00077D981891FA3300891C75 /* mode_title.jpg in Resources */ = {isa = PBXBuildFile; fileRef = 00077D951891FA3300891C75 /* mode_title.jpg */; };
		00077D991891FA3300891C75 /* table_background.jpg in Resources */ = {isa = PBXBuildFile; fileRef = 00077D961891FA3300891C75 /* table_background.jpg */; };
		00077D9A1891FA3300891C75 /* cycle.png in Resources */ = {isa = PBXBuildFile; fileRef = 00077D971891FA3300891C75 /* cycle.png */; };
		00077D9D1891FDBE00891C75 /* DBManager.m in Sources */ = {isa = PBXBuildFile; fileRef = 00077D9C1891FDBE00891C75 /* DBManager.m */; };
		00077D9F1891FF5800891C75 /* libsqlite3.dylib in Frameworks */ = {isa = PBXBuildFile; fileRef = 00077D9E1891FF5800891C75 /* libsqlite3.dylib */; };
		000CB41818A4920D00953C6C /* play_back_on.png in Resources */ = {isa = PBXBuildFile; fileRef = 000CB40418A4920D00953C6C /* play_back_on.png */; };
		000CB41918A4920D00953C6C /* play_back.png in Resources */ = {isa = PBXBuildFile; fileRef = 000CB40518A4920D00953C6C /* play_back.png */; };
		000CB41A18A4920D00953C6C /* play_cancel.png in Resources */ = {isa = PBXBuildFile; fileRef = 000CB40618A4920D00953C6C /* play_cancel.png */; };
		000CB41B18A4920D00953C6C /* play_control.png in Resources */ = {isa = PBXBuildFile; fileRef = 000CB40718A4920D00953C6C /* play_control.png */; };
		000CB41C18A4920D00953C6C /* play_left.png in Resources */ = {isa = PBXBuildFile; fileRef = 000CB40818A4920D00953C6C /* play_left.png */; };
		000CB41D18A4920D00953C6C /* play_next_on.png in Resources */ = {isa = PBXBuildFile; fileRef = 000CB40918A4920D00953C6C /* play_next_on.png */; };
		000CB41E18A4920D00953C6C /* play_next.png in Resources */ = {isa = PBXBuildFile; fileRef = 000CB40A18A4920D00953C6C /* play_next.png */; };
		000CB41F18A4920D00953C6C /* play_play_on.png in Resources */ = {isa = PBXBuildFile; fileRef = 000CB40B18A4920D00953C6C /* play_play_on.png */; };
		000CB42018A4920D00953C6C /* play_play.png in Resources */ = {isa = PBXBuildFile; fileRef = 000CB40C18A4920D00953C6C /* play_play.png */; };
		000CB42118A4920D00953C6C /* play_right0.png in Resources */ = {isa = PBXBuildFile; fileRef = 000CB40D18A4920D00953C6C /* play_right0.png */; };
		000CB42218A4920D00953C6C /* play_right1.png in Resources */ = {isa = PBXBuildFile; fileRef = 000CB40E18A4920D00953C6C /* play_right1.png */; };
		000CB42318A4920D00953C6C /* play_right2.png in Resources */ = {isa = PBXBuildFile; fileRef = 000CB40F18A4920D00953C6C /* play_right2.png */; };
		000CB42418A4920D00953C6C /* play_right3.png in Resources */ = {isa = PBXBuildFile; fileRef = 000CB41018A4920D00953C6C /* play_right3.png */; };
		000CB42518A4920D00953C6C /* play_stop_on.png in Resources */ = {isa = PBXBuildFile; fileRef = 000CB41118A4920D00953C6C /* play_stop_on.png */; };
		000CB42618A4920D00953C6C /* play_stop.png in Resources */ = {isa = PBXBuildFile; fileRef = 000CB41218A4920D00953C6C /* play_stop.png */; };
		000CB42718A4920D00953C6C /* play_vol_on.png in Resources */ = {isa = PBXBuildFile; fileRef = 000CB41318A4920D00953C6C /* play_vol_on.png */; };
		000CB42818A4920D00953C6C /* play_vol.png in Resources */ = {isa = PBXBuildFile; fileRef = 000CB41418A4920D00953C6C /* play_vol.png */; };
		000CB42918A4920D00953C6C /* play_volume_control_bg_on.png in Resources */ = {isa = PBXBuildFile; fileRef = 000CB41518A4920D00953C6C /* play_volume_control_bg_on.png */; };
		000CB42A18A4920D00953C6C /* play_volume_control_bg.png in Resources */ = {isa = PBXBuildFile; fileRef = 000CB41618A4920D00953C6C /* play_volume_control_bg.png */; };
		000CB42B18A4920D00953C6C /* play_volume_control.png in Resources */ = {isa = PBXBuildFile; fileRef = 000CB41718A4920D00953C6C /* play_volume_control.png */; };
		000CB42D18A4935E00953C6C /* suffle_icon.jpg in Resources */ = {isa = PBXBuildFile; fileRef = 000CB42C18A4935E00953C6C /* suffle_icon.jpg */; };
		000CB43018A4C91000953C6C /* MusicFitPlayer.m in Sources */ = {isa = PBXBuildFile; fileRef = 000CB42F18A4C91000953C6C /* MusicFitPlayer.m */; };
		006650E81890B3C400F97DE5 /* Main.jpg in Resources */ = {isa = PBXBuildFile; fileRef = 006650E61890B3C400F97DE5 /* Main.jpg */; };
		006650E91890B3C400F97DE5 /* Tutorial_0.jpg in Resources */ = {isa = PBXBuildFile; fileRef = 006650E71890B3C400F97DE5 /* Tutorial_0.jpg */; };
		006650EB1890B4BA00F97DE5 /* Title.jpg in Resources */ = {isa = PBXBuildFile; fileRef = 006650EA1890B4BA00F97DE5 /* Title.jpg */; };
		006650EF1890DD8B00F97DE5 /* Tutorial_1.jpg in Resources */ = {isa = PBXBuildFile; fileRef = 006650EC1890DD8B00F97DE5 /* Tutorial_1.jpg */; };
		006650F01890DD8B00F97DE5 /* Tutorial_2.jpg in Resources */ = {isa = PBXBuildFile; fileRef = 006650ED1890DD8B00F97DE5 /* Tutorial_2.jpg */; };
		006650F11890DD8B00F97DE5 /* Tutorial_3.jpg in Resources */ = {isa = PBXBuildFile; fileRef = 006650EE1890DD8B00F97DE5 /* Tutorial_3.jpg */; };
		006650F31890E19400F97DE5 /* Settings.bundle in Resources */ = {isa = PBXBuildFile; fileRef = 006650F21890E19400F97DE5 /* Settings.bundle */; };
		006650F81891136E00F97DE5 /* progressCircle.png in Resources */ = {isa = PBXBuildFile; fileRef = 006650F71891136E00F97DE5 /* progressCircle.png */; };
		009ACC801898FBE000301D9E /* PlayListViewController.m in Sources */ = {isa = PBXBuildFile; fileRef = 009ACC7F1898FBE000301D9E /* PlayListViewController.m */; };
		009ACC831898FC0D00301D9E /* MyViewController.m in Sources */ = {isa = PBXBuildFile; fileRef = 009ACC821898FC0D00301D9E /* MyViewController.m */; };
		009ACC861898FCE300301D9E /* CalenderViewController.m in Sources */ = {isa = PBXBuildFile; fileRef = 009ACC851898FCE300301D9E /* CalenderViewController.m */; };
		009ACC891898FD1A00301D9E /* FavoriteListViewController.m in Sources */ = {isa = PBXBuildFile; fileRef = 009ACC881898FD1A00301D9E /* FavoriteListViewController.m */; };
		009ACC8C1898FD2700301D9E /* RecommendMusicViewController.m in Sources */ = {isa = PBXBuildFile; fileRef = 009ACC8B1898FD2700301D9E /* RecommendMusicViewController.m */; };
		009ACC8F1898FD4E00301D9E /* InterestMusicViewController.m in Sources */ = {isa = PBXBuildFile; fileRef = 009ACC8E1898FD4E00301D9E /* InterestMusicViewController.m */; };
		009FBC361897A0A500A28E73 /* SwipeViewController.m in Sources */ = {isa = PBXBuildFile; fileRef = 009FBC351897A0A500A28E73 /* SwipeViewController.m */; };
		00B1512F187F77EE0036182C /* Foundation.framework in Frameworks */ = {isa = PBXBuildFile; fileRef = 00B1512E187F77EE0036182C /* Foundation.framework */; };
		00B15131187F77EE0036182C /* CoreGraphics.framework in Frameworks */ = {isa = PBXBuildFile; fileRef = 00B15130187F77EE0036182C /* CoreGraphics.framework */; };
		00B15133187F77EE0036182C /* UIKit.framework in Frameworks */ = {isa = PBXBuildFile; fileRef = 00B15132187F77EE0036182C /* UIKit.framework */; };
		00B15139187F77EE0036182C /* InfoPlist.strings in Resources */ = {isa = PBXBuildFile; fileRef = 00B15137187F77EE0036182C /* InfoPlist.strings */; };
		00B1513B187F77EE0036182C /* main.m in Sources */ = {isa = PBXBuildFile; fileRef = 00B1513A187F77EE0036182C /* main.m */; };
		00B1513F187F77EE0036182C /* AppDelegate.m in Sources */ = {isa = PBXBuildFile; fileRef = 00B1513E187F77EE0036182C /* AppDelegate.m */; };
		00B15142187F77EE0036182C /* Main.storyboard in Resources */ = {isa = PBXBuildFile; fileRef = 00B15140187F77EE0036182C /* Main.storyboard */; };
		00B15145187F77EE0036182C /* FirstViewController.m in Sources */ = {isa = PBXBuildFile; fileRef = 00B15144187F77EE0036182C /* FirstViewController.m */; };
		00B15147187F77EE0036182C /* Images.xcassets in Resources */ = {isa = PBXBuildFile; fileRef = 00B15146187F77EE0036182C /* Images.xcassets */; };
		00B1514E187F77EE0036182C /* XCTest.framework in Frameworks */ = {isa = PBXBuildFile; fileRef = 00B1514D187F77EE0036182C /* XCTest.framework */; };
		00B1514F187F77EE0036182C /* Foundation.framework in Frameworks */ = {isa = PBXBuildFile; fileRef = 00B1512E187F77EE0036182C /* Foundation.framework */; };
		00B15150187F77EE0036182C /* UIKit.framework in Frameworks */ = {isa = PBXBuildFile; fileRef = 00B15132187F77EE0036182C /* UIKit.framework */; };
		00B15158187F77EE0036182C /* InfoPlist.strings in Resources */ = {isa = PBXBuildFile; fileRef = 00B15156187F77EE0036182C /* InfoPlist.strings */; };
		00B1515A187F77EE0036182C /* MusicFitProjectTests.m in Sources */ = {isa = PBXBuildFile; fileRef = 00B15159187F77EE0036182C /* MusicFitProjectTests.m */; };
		00F4C2521886A47E006146CD /* PlayViewController.m in Sources */ = {isa = PBXBuildFile; fileRef = 00F4C2511886A47E006146CD /* PlayViewController.m */; };
		00F5C1FD18A36463007DC1F0 /* icon_songs_cancel_on.png in Resources */ = {isa = PBXBuildFile; fileRef = 00F5C1FB18A36463007DC1F0 /* icon_songs_cancel_on.png */; };
		00F5C1FE18A36463007DC1F0 /* icon_songs_cancel.png in Resources */ = {isa = PBXBuildFile; fileRef = 00F5C1FC18A36463007DC1F0 /* icon_songs_cancel.png */; };
		00F5C20118A36B2F007DC1F0 /* EditModeViewController.m in Sources */ = {isa = PBXBuildFile; fileRef = 00F5C20018A36B2F007DC1F0 /* EditModeViewController.m */; };
		00FC19AA1892218800BA2036 /* ModeDBManager.m in Sources */ = {isa = PBXBuildFile; fileRef = 00FC19A91892218800BA2036 /* ModeDBManager.m */; };
		00FC19AD1892220B00BA2036 /* Mode.m in Sources */ = {isa = PBXBuildFile; fileRef = 00FC19AC1892220B00BA2036 /* Mode.m */; };
		00FC19C11892544A00BA2036 /* AddedModeCell.m in Sources */ = {isa = PBXBuildFile; fileRef = 00FC19C01892544A00BA2036 /* AddedModeCell.m */; };
		00FC19C41892546200BA2036 /* StaticModeCell.m in Sources */ = {isa = PBXBuildFile; fileRef = 00FC19C31892546200BA2036 /* StaticModeCell.m */; };
		00FC8794189F428200F7F52E /* MusicDBManager.m in Sources */ = {isa = PBXBuildFile; fileRef = 00FC8793189F428200F7F52E /* MusicDBManager.m */; };
		00FC8799189F430400F7F52E /* Music.m in Sources */ = {isa = PBXBuildFile; fileRef = 00FC8798189F430400F7F52E /* Music.m */; };
		00FC879B189F519000F7F52E /* CoreMedia.framework in Frameworks */ = {isa = PBXBuildFile; fileRef = 00FC879A189F519000F7F52E /* CoreMedia.framework */; };
		00FC879D189F519600F7F52E /* AVFoundation.framework in Frameworks */ = {isa = PBXBuildFile; fileRef = 00FC879C189F519600F7F52E /* AVFoundation.framework */; };
		00FC879F189F51A200F7F52E /* MediaPlayer.framework in Frameworks */ = {isa = PBXBuildFile; fileRef = 00FC879E189F51A200F7F52E /* MediaPlayer.framework */; };
		00FC87A3189F556F00F7F52E /* PlayListCell.m in Sources */ = {isa = PBXBuildFile; fileRef = 00FC87A2189F556F00F7F52E /* PlayListCell.m */; };
		00FC87A6189F716700F7F52E /* PlayListDBManager.m in Sources */ = {isa = PBXBuildFile; fileRef = 00FC87A5189F716700F7F52E /* PlayListDBManager.m */; };
		00FEDB071898AD840072D517 /* SwipeView.m in Sources */ = {isa = PBXBuildFile; fileRef = 00FEDB061898AD840072D517 /* SwipeView.m */; };
		00FEDB0B1898AF290072D517 /* UIViewController+SwipeController.m in Sources */ = {isa = PBXBuildFile; fileRef = 00FEDB0A1898AF290072D517 /* UIViewController+SwipeController.m */; };
		00FEDB101898B1C50072D517 /* SwipeGestureRecognizer.m in Sources */ = {isa = PBXBuildFile; fileRef = 00FEDB0F1898B1C50072D517 /* SwipeGestureRecognizer.m */; };
		00FEDB121898C3590072D517 /* AppIcon.png in Resources */ = {isa = PBXBuildFile; fileRef = 00FEDB111898C3590072D517 /* AppIcon.png */; };
		00FEDB171898D6B70072D517 /* player_main.jpg in Resources */ = {isa = PBXBuildFile; fileRef = 00FEDB141898D6B70072D517 /* player_main.jpg */; };
		00FEDB181898D6B70072D517 /* player.jpg in Resources */ = {isa = PBXBuildFile; fileRef = 00FEDB151898D6B70072D517 /* player.jpg */; };
		00FEDB1A1898D8820072D517 /* clock.png in Resources */ = {isa = PBXBuildFile; fileRef = 00FEDB191898D8820072D517 /* clock.png */; };
		00FEDB1D1898E9990072D517 /* PlayerViewController.m in Sources */ = {isa = PBXBuildFile; fileRef = 00FEDB1C1898E9990072D517 /* PlayerViewController.m */; };
		976C6BC718A76E3900721DAE /* status_claendar.png in Resources */ = {isa = PBXBuildFile; fileRef = 976C6BC018A76E3900721DAE /* status_claendar.png */; };
		976C6BC818A76E3900721DAE /* status_like.png in Resources */ = {isa = PBXBuildFile; fileRef = 976C6BC118A76E3900721DAE /* status_like.png */; };
		976C6BC918A76E3900721DAE /* status_mode.png in Resources */ = {isa = PBXBuildFile; fileRef = 976C6BC218A76E3900721DAE /* status_mode.png */; };
		976C6BCA18A76E3900721DAE /* status_musicfit.png in Resources */ = {isa = PBXBuildFile; fileRef = 976C6BC318A76E3900721DAE /* status_musicfit.png */; };
		976C6BCB18A76E3900721DAE /* status_recommend.png in Resources */ = {isa = PBXBuildFile; fileRef = 976C6BC418A76E3900721DAE /* status_recommend.png */; };
		976C6BCC18A76E3900721DAE /* status_setting.png in Resources */ = {isa = PBXBuildFile; fileRef = 976C6BC518A76E3900721DAE /* status_setting.png */; };
		976C6BCD18A76E3900721DAE /* status_songs.png in Resources */ = {isa = PBXBuildFile; fileRef = 976C6BC618A76E3900721DAE /* status_songs.png */; };
/* End PBXBuildFile section */

/* Begin PBXContainerItemProxy section */
		00B15151187F77EE0036182C /* PBXContainerItemProxy */ = {
			isa = PBXContainerItemProxy;
			containerPortal = 00B15123187F77EE0036182C /* Project object */;
			proxyType = 1;
			remoteGlobalIDString = 00B1512A187F77EE0036182C;
			remoteInfo = MusicFitProject;
		};
/* End PBXContainerItemProxy section */

/* Begin PBXFileReference section */
		00058239188D15D1006760D0 /* BPMAnalysis.h */ = {isa = PBXFileReference; fileEncoding = 4; lastKnownFileType = sourcecode.c.h; path = BPMAnalysis.h; sourceTree = "<group>"; };
		0005823A188D15D1006760D0 /* BPMAnalysis.m */ = {isa = PBXFileReference; fileEncoding = 4; lastKnownFileType = sourcecode.c.objc; path = BPMAnalysis.m; sourceTree = "<group>"; };
		00072D6E1887775C00FE977F /* ModeViewController.h */ = {isa = PBXFileReference; fileEncoding = 4; lastKnownFileType = sourcecode.c.h; name = ModeViewController.h; path = ../ModeViewController.h; sourceTree = "<group>"; };
		00072D6F1887775C00FE977F /* ModeViewController.m */ = {isa = PBXFileReference; fileEncoding = 4; lastKnownFileType = sourcecode.c.objc; name = ModeViewController.m; path = ../ModeViewController.m; sourceTree = "<group>"; };
		00077D951891FA3300891C75 /* mode_title.jpg */ = {isa = PBXFileReference; lastKnownFileType = image.jpeg; path = mode_title.jpg; sourceTree = "<group>"; };
		00077D961891FA3300891C75 /* table_background.jpg */ = {isa = PBXFileReference; lastKnownFileType = image.jpeg; path = table_background.jpg; sourceTree = "<group>"; };
		00077D971891FA3300891C75 /* cycle.png */ = {isa = PBXFileReference; lastKnownFileType = image.png; path = cycle.png; sourceTree = "<group>"; };
		00077D9B1891FDBE00891C75 /* DBManager.h */ = {isa = PBXFileReference; fileEncoding = 4; lastKnownFileType = sourcecode.c.h; path = DBManager.h; sourceTree = "<group>"; };
		00077D9C1891FDBE00891C75 /* DBManager.m */ = {isa = PBXFileReference; fileEncoding = 4; lastKnownFileType = sourcecode.c.objc; path = DBManager.m; sourceTree = "<group>"; };
		00077D9E1891FF5800891C75 /* libsqlite3.dylib */ = {isa = PBXFileReference; lastKnownFileType = "compiled.mach-o.dylib"; name = libsqlite3.dylib; path = usr/lib/libsqlite3.dylib; sourceTree = SDKROOT; };
		000CB40418A4920D00953C6C /* play_back_on.png */ = {isa = PBXFileReference; lastKnownFileType = image.png; path = play_back_on.png; sourceTree = "<group>"; };
		000CB40518A4920D00953C6C /* play_back.png */ = {isa = PBXFileReference; lastKnownFileType = image.png; path = play_back.png; sourceTree = "<group>"; };
		000CB40618A4920D00953C6C /* play_cancel.png */ = {isa = PBXFileReference; lastKnownFileType = image.png; path = play_cancel.png; sourceTree = "<group>"; };
		000CB40718A4920D00953C6C /* play_control.png */ = {isa = PBXFileReference; lastKnownFileType = image.png; path = play_control.png; sourceTree = "<group>"; };
		000CB40818A4920D00953C6C /* play_left.png */ = {isa = PBXFileReference; lastKnownFileType = image.png; path = play_left.png; sourceTree = "<group>"; };
		000CB40918A4920D00953C6C /* play_next_on.png */ = {isa = PBXFileReference; lastKnownFileType = image.png; path = play_next_on.png; sourceTree = "<group>"; };
		000CB40A18A4920D00953C6C /* play_next.png */ = {isa = PBXFileReference; lastKnownFileType = image.png; path = play_next.png; sourceTree = "<group>"; };
		000CB40B18A4920D00953C6C /* play_play_on.png */ = {isa = PBXFileReference; lastKnownFileType = image.png; path = play_play_on.png; sourceTree = "<group>"; };
		000CB40C18A4920D00953C6C /* play_play.png */ = {isa = PBXFileReference; lastKnownFileType = image.png; path = play_play.png; sourceTree = "<group>"; };
		000CB40D18A4920D00953C6C /* play_right0.png */ = {isa = PBXFileReference; lastKnownFileType = image.png; path = play_right0.png; sourceTree = "<group>"; };
		000CB40E18A4920D00953C6C /* play_right1.png */ = {isa = PBXFileReference; lastKnownFileType = image.png; path = play_right1.png; sourceTree = "<group>"; };
		000CB40F18A4920D00953C6C /* play_right2.png */ = {isa = PBXFileReference; lastKnownFileType = image.png; path = play_right2.png; sourceTree = "<group>"; };
		000CB41018A4920D00953C6C /* play_right3.png */ = {isa = PBXFileReference; lastKnownFileType = image.png; path = play_right3.png; sourceTree = "<group>"; };
		000CB41118A4920D00953C6C /* play_stop_on.png */ = {isa = PBXFileReference; lastKnownFileType = image.png; path = play_stop_on.png; sourceTree = "<group>"; };
		000CB41218A4920D00953C6C /* play_stop.png */ = {isa = PBXFileReference; lastKnownFileType = image.png; path = play_stop.png; sourceTree = "<group>"; };
		000CB41318A4920D00953C6C /* play_vol_on.png */ = {isa = PBXFileReference; lastKnownFileType = image.png; path = play_vol_on.png; sourceTree = "<group>"; };
		000CB41418A4920D00953C6C /* play_vol.png */ = {isa = PBXFileReference; lastKnownFileType = image.png; path = play_vol.png; sourceTree = "<group>"; };
		000CB41518A4920D00953C6C /* play_volume_control_bg_on.png */ = {isa = PBXFileReference; lastKnownFileType = image.png; path = play_volume_control_bg_on.png; sourceTree = "<group>"; };
		000CB41618A4920D00953C6C /* play_volume_control_bg.png */ = {isa = PBXFileReference; lastKnownFileType = image.png; path = play_volume_control_bg.png; sourceTree = "<group>"; };
		000CB41718A4920D00953C6C /* play_volume_control.png */ = {isa = PBXFileReference; lastKnownFileType = image.png; path = play_volume_control.png; sourceTree = "<group>"; };
		000CB42C18A4935E00953C6C /* suffle_icon.jpg */ = {isa = PBXFileReference; lastKnownFileType = image.jpeg; path = suffle_icon.jpg; sourceTree = "<group>"; };
		000CB42E18A4C91000953C6C /* MusicFitPlayer.h */ = {isa = PBXFileReference; fileEncoding = 4; lastKnownFileType = sourcecode.c.h; path = MusicFitPlayer.h; sourceTree = "<group>"; };
		000CB42F18A4C91000953C6C /* MusicFitPlayer.m */ = {isa = PBXFileReference; fileEncoding = 4; lastKnownFileType = sourcecode.c.objc; path = MusicFitPlayer.m; sourceTree = "<group>"; };
		006650E61890B3C400F97DE5 /* Main.jpg */ = {isa = PBXFileReference; lastKnownFileType = image.jpeg; path = Main.jpg; sourceTree = "<group>"; };
		006650E71890B3C400F97DE5 /* Tutorial_0.jpg */ = {isa = PBXFileReference; lastKnownFileType = image.jpeg; path = Tutorial_0.jpg; sourceTree = "<group>"; };
		006650EA1890B4BA00F97DE5 /* Title.jpg */ = {isa = PBXFileReference; lastKnownFileType = image.jpeg; path = Title.jpg; sourceTree = "<group>"; };
		006650EC1890DD8B00F97DE5 /* Tutorial_1.jpg */ = {isa = PBXFileReference; lastKnownFileType = image.jpeg; path = Tutorial_1.jpg; sourceTree = "<group>"; };
		006650ED1890DD8B00F97DE5 /* Tutorial_2.jpg */ = {isa = PBXFileReference; lastKnownFileType = image.jpeg; path = Tutorial_2.jpg; sourceTree = "<group>"; };
		006650EE1890DD8B00F97DE5 /* Tutorial_3.jpg */ = {isa = PBXFileReference; lastKnownFileType = image.jpeg; path = Tutorial_3.jpg; sourceTree = "<group>"; };
		006650F21890E19400F97DE5 /* Settings.bundle */ = {isa = PBXFileReference; lastKnownFileType = "wrapper.plug-in"; path = Settings.bundle; sourceTree = "<group>"; };
		006650F71891136E00F97DE5 /* progressCircle.png */ = {isa = PBXFileReference; lastKnownFileType = image.png; path = progressCircle.png; sourceTree = "<group>"; };
		009ACC7E1898FBE000301D9E /* PlayListViewController.h */ = {isa = PBXFileReference; fileEncoding = 4; lastKnownFileType = sourcecode.c.h; path = PlayListViewController.h; sourceTree = "<group>"; };
		009ACC7F1898FBE000301D9E /* PlayListViewController.m */ = {isa = PBXFileReference; fileEncoding = 4; lastKnownFileType = sourcecode.c.objc; path = PlayListViewController.m; sourceTree = "<group>"; };
		009ACC811898FC0D00301D9E /* MyViewController.h */ = {isa = PBXFileReference; fileEncoding = 4; lastKnownFileType = sourcecode.c.h; path = MyViewController.h; sourceTree = "<group>"; };
		009ACC821898FC0D00301D9E /* MyViewController.m */ = {isa = PBXFileReference; fileEncoding = 4; lastKnownFileType = sourcecode.c.objc; path = MyViewController.m; sourceTree = "<group>"; };
		009ACC841898FCE300301D9E /* CalenderViewController.h */ = {isa = PBXFileReference; fileEncoding = 4; lastKnownFileType = sourcecode.c.h; path = CalenderViewController.h; sourceTree = "<group>"; };
		009ACC851898FCE300301D9E /* CalenderViewController.m */ = {isa = PBXFileReference; fileEncoding = 4; lastKnownFileType = sourcecode.c.objc; path = CalenderViewController.m; sourceTree = "<group>"; };
		009ACC871898FD1A00301D9E /* FavoriteListViewController.h */ = {isa = PBXFileReference; fileEncoding = 4; lastKnownFileType = sourcecode.c.h; path = FavoriteListViewController.h; sourceTree = "<group>"; };
		009ACC881898FD1A00301D9E /* FavoriteListViewController.m */ = {isa = PBXFileReference; fileEncoding = 4; lastKnownFileType = sourcecode.c.objc; path = FavoriteListViewController.m; sourceTree = "<group>"; };
		009ACC8A1898FD2700301D9E /* RecommendMusicViewController.h */ = {isa = PBXFileReference; fileEncoding = 4; lastKnownFileType = sourcecode.c.h; path = RecommendMusicViewController.h; sourceTree = "<group>"; };
		009ACC8B1898FD2700301D9E /* RecommendMusicViewController.m */ = {isa = PBXFileReference; fileEncoding = 4; lastKnownFileType = sourcecode.c.objc; path = RecommendMusicViewController.m; sourceTree = "<group>"; };
		009ACC8D1898FD4E00301D9E /* InterestMusicViewController.h */ = {isa = PBXFileReference; fileEncoding = 4; lastKnownFileType = sourcecode.c.h; path = InterestMusicViewController.h; sourceTree = "<group>"; };
		009ACC8E1898FD4E00301D9E /* InterestMusicViewController.m */ = {isa = PBXFileReference; fileEncoding = 4; lastKnownFileType = sourcecode.c.objc; path = InterestMusicViewController.m; sourceTree = "<group>"; };
		009FBC341897A0A500A28E73 /* SwipeViewController.h */ = {isa = PBXFileReference; fileEncoding = 4; lastKnownFileType = sourcecode.c.h; path = SwipeViewController.h; sourceTree = "<group>"; };
		009FBC351897A0A500A28E73 /* SwipeViewController.m */ = {isa = PBXFileReference; fileEncoding = 4; lastKnownFileType = sourcecode.c.objc; path = SwipeViewController.m; sourceTree = "<group>"; };
		00A0F0DC18974413006FA3F6 /* AddedModeDelegate.h */ = {isa = PBXFileReference; lastKnownFileType = sourcecode.c.h; path = AddedModeDelegate.h; sourceTree = "<group>"; };
		00B1512B187F77EE0036182C /* MusicFitProject.app */ = {isa = PBXFileReference; explicitFileType = wrapper.application; includeInIndex = 0; path = MusicFitProject.app; sourceTree = BUILT_PRODUCTS_DIR; };
		00B1512E187F77EE0036182C /* Foundation.framework */ = {isa = PBXFileReference; lastKnownFileType = wrapper.framework; name = Foundation.framework; path = System/Library/Frameworks/Foundation.framework; sourceTree = SDKROOT; };
		00B15130187F77EE0036182C /* CoreGraphics.framework */ = {isa = PBXFileReference; lastKnownFileType = wrapper.framework; name = CoreGraphics.framework; path = System/Library/Frameworks/CoreGraphics.framework; sourceTree = SDKROOT; };
		00B15132187F77EE0036182C /* UIKit.framework */ = {isa = PBXFileReference; lastKnownFileType = wrapper.framework; name = UIKit.framework; path = System/Library/Frameworks/UIKit.framework; sourceTree = SDKROOT; };
		00B15136187F77EE0036182C /* MusicFitProject-Info.plist */ = {isa = PBXFileReference; lastKnownFileType = text.plist.xml; path = "MusicFitProject-Info.plist"; sourceTree = "<group>"; };
		00B15138187F77EE0036182C /* en */ = {isa = PBXFileReference; lastKnownFileType = text.plist.strings; name = en; path = en.lproj/InfoPlist.strings; sourceTree = "<group>"; };
		00B1513A187F77EE0036182C /* main.m */ = {isa = PBXFileReference; lastKnownFileType = sourcecode.c.objc; path = main.m; sourceTree = "<group>"; };
		00B1513C187F77EE0036182C /* MusicFitProject-Prefix.pch */ = {isa = PBXFileReference; lastKnownFileType = sourcecode.c.h; path = "MusicFitProject-Prefix.pch"; sourceTree = "<group>"; };
		00B1513D187F77EE0036182C /* AppDelegate.h */ = {isa = PBXFileReference; lastKnownFileType = sourcecode.c.h; path = AppDelegate.h; sourceTree = "<group>"; };
		00B1513E187F77EE0036182C /* AppDelegate.m */ = {isa = PBXFileReference; lastKnownFileType = sourcecode.c.objc; path = AppDelegate.m; sourceTree = "<group>"; };
		00B15141187F77EE0036182C /* Base */ = {isa = PBXFileReference; lastKnownFileType = file.storyboard; name = Base; path = Base.lproj/Main.storyboard; sourceTree = "<group>"; };
		00B15143187F77EE0036182C /* FirstViewController.h */ = {isa = PBXFileReference; lastKnownFileType = sourcecode.c.h; path = FirstViewController.h; sourceTree = "<group>"; };
		00B15144187F77EE0036182C /* FirstViewController.m */ = {isa = PBXFileReference; lastKnownFileType = sourcecode.c.objc; path = FirstViewController.m; sourceTree = "<group>"; };
		00B15146187F77EE0036182C /* Images.xcassets */ = {isa = PBXFileReference; lastKnownFileType = folder.assetcatalog; path = Images.xcassets; sourceTree = "<group>"; };
		00B1514C187F77EE0036182C /* MusicFitProjectTests.xctest */ = {isa = PBXFileReference; explicitFileType = wrapper.cfbundle; includeInIndex = 0; path = MusicFitProjectTests.xctest; sourceTree = BUILT_PRODUCTS_DIR; };
		00B1514D187F77EE0036182C /* XCTest.framework */ = {isa = PBXFileReference; lastKnownFileType = wrapper.framework; name = XCTest.framework; path = Library/Frameworks/XCTest.framework; sourceTree = DEVELOPER_DIR; };
		00B15155187F77EE0036182C /* MusicFitProjectTests-Info.plist */ = {isa = PBXFileReference; lastKnownFileType = text.plist.xml; path = "MusicFitProjectTests-Info.plist"; sourceTree = "<group>"; };
		00B15157187F77EE0036182C /* en */ = {isa = PBXFileReference; lastKnownFileType = text.plist.strings; name = en; path = en.lproj/InfoPlist.strings; sourceTree = "<group>"; };
		00B15159187F77EE0036182C /* MusicFitProjectTests.m */ = {isa = PBXFileReference; lastKnownFileType = sourcecode.c.objc; path = MusicFitProjectTests.m; sourceTree = "<group>"; };
		00F4C2501886A47E006146CD /* PlayViewController.h */ = {isa = PBXFileReference; fileEncoding = 4; lastKnownFileType = sourcecode.c.h; name = PlayViewController.h; path = ../PlayViewController.h; sourceTree = "<group>"; };
		00F4C2511886A47E006146CD /* PlayViewController.m */ = {isa = PBXFileReference; fileEncoding = 4; lastKnownFileType = sourcecode.c.objc; name = PlayViewController.m; path = ../PlayViewController.m; sourceTree = "<group>"; };
		00F5C1FB18A36463007DC1F0 /* icon_songs_cancel_on.png */ = {isa = PBXFileReference; lastKnownFileType = image.png; path = icon_songs_cancel_on.png; sourceTree = "<group>"; };
		00F5C1FC18A36463007DC1F0 /* icon_songs_cancel.png */ = {isa = PBXFileReference; lastKnownFileType = image.png; path = icon_songs_cancel.png; sourceTree = "<group>"; };
		00F5C1FF18A36B2F007DC1F0 /* EditModeViewController.h */ = {isa = PBXFileReference; fileEncoding = 4; lastKnownFileType = sourcecode.c.h; path = EditModeViewController.h; sourceTree = "<group>"; };
		00F5C20018A36B2F007DC1F0 /* EditModeViewController.m */ = {isa = PBXFileReference; fileEncoding = 4; lastKnownFileType = sourcecode.c.objc; path = EditModeViewController.m; sourceTree = "<group>"; };
		00FC19A81892218800BA2036 /* ModeDBManager.h */ = {isa = PBXFileReference; fileEncoding = 4; lastKnownFileType = sourcecode.c.h; path = ModeDBManager.h; sourceTree = "<group>"; };
		00FC19A91892218800BA2036 /* ModeDBManager.m */ = {isa = PBXFileReference; fileEncoding = 4; lastKnownFileType = sourcecode.c.objc; path = ModeDBManager.m; sourceTree = "<group>"; };
		00FC19AB1892220B00BA2036 /* Mode.h */ = {isa = PBXFileReference; fileEncoding = 4; lastKnownFileType = sourcecode.c.h; path = Mode.h; sourceTree = "<group>"; };
		00FC19AC1892220B00BA2036 /* Mode.m */ = {isa = PBXFileReference; fileEncoding = 4; lastKnownFileType = sourcecode.c.objc; path = Mode.m; sourceTree = "<group>"; };
		00FC19BF1892544A00BA2036 /* AddedModeCell.h */ = {isa = PBXFileReference; fileEncoding = 4; lastKnownFileType = sourcecode.c.h; path = AddedModeCell.h; sourceTree = "<group>"; };
		00FC19C01892544A00BA2036 /* AddedModeCell.m */ = {isa = PBXFileReference; fileEncoding = 4; lastKnownFileType = sourcecode.c.objc; path = AddedModeCell.m; sourceTree = "<group>"; };
		00FC19C21892546200BA2036 /* StaticModeCell.h */ = {isa = PBXFileReference; fileEncoding = 4; lastKnownFileType = sourcecode.c.h; path = StaticModeCell.h; sourceTree = "<group>"; };
		00FC19C31892546200BA2036 /* StaticModeCell.m */ = {isa = PBXFileReference; fileEncoding = 4; lastKnownFileType = sourcecode.c.objc; path = StaticModeCell.m; sourceTree = "<group>"; };
		00FC8792189F428200F7F52E /* MusicDBManager.h */ = {isa = PBXFileReference; fileEncoding = 4; lastKnownFileType = sourcecode.c.h; path = MusicDBManager.h; sourceTree = "<group>"; };
		00FC8793189F428200F7F52E /* MusicDBManager.m */ = {isa = PBXFileReference; fileEncoding = 4; lastKnownFileType = sourcecode.c.objc; path = MusicDBManager.m; sourceTree = "<group>"; };
		00FC8797189F430400F7F52E /* Music.h */ = {isa = PBXFileReference; fileEncoding = 4; lastKnownFileType = sourcecode.c.h; path = Music.h; sourceTree = "<group>"; };
		00FC8798189F430400F7F52E /* Music.m */ = {isa = PBXFileReference; fileEncoding = 4; lastKnownFileType = sourcecode.c.objc; path = Music.m; sourceTree = "<group>"; };
		00FC879A189F519000F7F52E /* CoreMedia.framework */ = {isa = PBXFileReference; lastKnownFileType = wrapper.framework; name = CoreMedia.framework; path = System/Library/Frameworks/CoreMedia.framework; sourceTree = SDKROOT; };
		00FC879C189F519600F7F52E /* AVFoundation.framework */ = {isa = PBXFileReference; lastKnownFileType = wrapper.framework; name = AVFoundation.framework; path = System/Library/Frameworks/AVFoundation.framework; sourceTree = SDKROOT; };
		00FC879E189F51A200F7F52E /* MediaPlayer.framework */ = {isa = PBXFileReference; lastKnownFileType = wrapper.framework; name = MediaPlayer.framework; path = System/Library/Frameworks/MediaPlayer.framework; sourceTree = SDKROOT; };
		00FC87A1189F556F00F7F52E /* PlayListCell.h */ = {isa = PBXFileReference; fileEncoding = 4; lastKnownFileType = sourcecode.c.h; path = PlayListCell.h; sourceTree = "<group>"; };
		00FC87A2189F556F00F7F52E /* PlayListCell.m */ = {isa = PBXFileReference; fileEncoding = 4; lastKnownFileType = sourcecode.c.objc; path = PlayListCell.m; sourceTree = "<group>"; };
		00FC87A4189F716700F7F52E /* PlayListDBManager.h */ = {isa = PBXFileReference; fileEncoding = 4; lastKnownFileType = sourcecode.c.h; path = PlayListDBManager.h; sourceTree = "<group>"; };
		00FC87A5189F716700F7F52E /* PlayListDBManager.m */ = {isa = PBXFileReference; fileEncoding = 4; lastKnownFileType = sourcecode.c.objc; path = PlayListDBManager.m; sourceTree = "<group>"; };
		00FEDB051898AD840072D517 /* SwipeView.h */ = {isa = PBXFileReference; fileEncoding = 4; lastKnownFileType = sourcecode.c.h; path = SwipeView.h; sourceTree = "<group>"; };
		00FEDB061898AD840072D517 /* SwipeView.m */ = {isa = PBXFileReference; fileEncoding = 4; lastKnownFileType = sourcecode.c.objc; path = SwipeView.m; sourceTree = "<group>"; };
		00FEDB091898AF290072D517 /* UIViewController+SwipeController.h */ = {isa = PBXFileReference; fileEncoding = 4; lastKnownFileType = sourcecode.c.h; path = "UIViewController+SwipeController.h"; sourceTree = "<group>"; };
		00FEDB0A1898AF290072D517 /* UIViewController+SwipeController.m */ = {isa = PBXFileReference; fileEncoding = 4; lastKnownFileType = sourcecode.c.objc; path = "UIViewController+SwipeController.m"; sourceTree = "<group>"; };
		00FEDB0D1898AFB70072D517 /* SwipeController.h */ = {isa = PBXFileReference; fileEncoding = 4; lastKnownFileType = sourcecode.c.h; path = SwipeController.h; sourceTree = "<group>"; };
		00FEDB0E1898B1C50072D517 /* SwipeGestureRecognizer.h */ = {isa = PBXFileReference; fileEncoding = 4; lastKnownFileType = sourcecode.c.h; path = SwipeGestureRecognizer.h; sourceTree = "<group>"; };
		00FEDB0F1898B1C50072D517 /* SwipeGestureRecognizer.m */ = {isa = PBXFileReference; fileEncoding = 4; lastKnownFileType = sourcecode.c.objc; path = SwipeGestureRecognizer.m; sourceTree = "<group>"; };
		00FEDB111898C3590072D517 /* AppIcon.png */ = {isa = PBXFileReference; lastKnownFileType = image.png; path = AppIcon.png; sourceTree = "<group>"; };
		00FEDB141898D6B70072D517 /* player_main.jpg */ = {isa = PBXFileReference; lastKnownFileType = image.jpeg; path = player_main.jpg; sourceTree = "<group>"; };
		00FEDB151898D6B70072D517 /* player.jpg */ = {isa = PBXFileReference; lastKnownFileType = image.jpeg; path = player.jpg; sourceTree = "<group>"; };
		00FEDB191898D8820072D517 /* clock.png */ = {isa = PBXFileReference; lastKnownFileType = image.png; path = clock.png; sourceTree = "<group>"; };
		00FEDB1B1898E9990072D517 /* PlayerViewController.h */ = {isa = PBXFileReference; fileEncoding = 4; lastKnownFileType = sourcecode.c.h; path = PlayerViewController.h; sourceTree = "<group>"; };
		00FEDB1C1898E9990072D517 /* PlayerViewController.m */ = {isa = PBXFileReference; fileEncoding = 4; lastKnownFileType = sourcecode.c.objc; path = PlayerViewController.m; sourceTree = "<group>"; };
		976C6BC018A76E3900721DAE /* status_claendar.png */ = {isa = PBXFileReference; lastKnownFileType = image.png; path = status_claendar.png; sourceTree = "<group>"; };
		976C6BC118A76E3900721DAE /* status_like.png */ = {isa = PBXFileReference; lastKnownFileType = image.png; path = status_like.png; sourceTree = "<group>"; };
		976C6BC218A76E3900721DAE /* status_mode.png */ = {isa = PBXFileReference; lastKnownFileType = image.png; path = status_mode.png; sourceTree = "<group>"; };
		976C6BC318A76E3900721DAE /* status_musicfit.png */ = {isa = PBXFileReference; lastKnownFileType = image.png; path = status_musicfit.png; sourceTree = "<group>"; };
		976C6BC418A76E3900721DAE /* status_recommend.png */ = {isa = PBXFileReference; lastKnownFileType = image.png; path = status_recommend.png; sourceTree = "<group>"; };
		976C6BC518A76E3900721DAE /* status_setting.png */ = {isa = PBXFileReference; lastKnownFileType = image.png; path = status_setting.png; sourceTree = "<group>"; };
		976C6BC618A76E3900721DAE /* status_songs.png */ = {isa = PBXFileReference; lastKnownFileType = image.png; path = status_songs.png; sourceTree = "<group>"; };
/* End PBXFileReference section */

/* Begin PBXFrameworksBuildPhase section */
		00B15128187F77EE0036182C /* Frameworks */ = {
			isa = PBXFrameworksBuildPhase;
			buildActionMask = 2147483647;
			files = (
				00FC879F189F51A200F7F52E /* MediaPlayer.framework in Frameworks */,
				00FC879D189F519600F7F52E /* AVFoundation.framework in Frameworks */,
				00FC879B189F519000F7F52E /* CoreMedia.framework in Frameworks */,
				00077D9F1891FF5800891C75 /* libsqlite3.dylib in Frameworks */,
				00B15131187F77EE0036182C /* CoreGraphics.framework in Frameworks */,
				00B15133187F77EE0036182C /* UIKit.framework in Frameworks */,
				00B1512F187F77EE0036182C /* Foundation.framework in Frameworks */,
			);
			runOnlyForDeploymentPostprocessing = 0;
		};
		00B15149187F77EE0036182C /* Frameworks */ = {
			isa = PBXFrameworksBuildPhase;
			buildActionMask = 2147483647;
			files = (
				00B1514E187F77EE0036182C /* XCTest.framework in Frameworks */,
				00B15150187F77EE0036182C /* UIKit.framework in Frameworks */,
				00B1514F187F77EE0036182C /* Foundation.framework in Frameworks */,
			);
			runOnlyForDeploymentPostprocessing = 0;
		};
/* End PBXFrameworksBuildPhase section */

/* Begin PBXGroup section */
		006650E51890B3C400F97DE5 /* images */ = {
			isa = PBXGroup;
			children = (
				000CB42C18A4935E00953C6C /* suffle_icon.jpg */,
				000CB40418A4920D00953C6C /* play_back_on.png */,
				000CB40518A4920D00953C6C /* play_back.png */,
				000CB40618A4920D00953C6C /* play_cancel.png */,
				000CB40718A4920D00953C6C /* play_control.png */,
				000CB40818A4920D00953C6C /* play_left.png */,
				000CB40918A4920D00953C6C /* play_next_on.png */,
				000CB40A18A4920D00953C6C /* play_next.png */,
				000CB40B18A4920D00953C6C /* play_play_on.png */,
				000CB40C18A4920D00953C6C /* play_play.png */,
				000CB40D18A4920D00953C6C /* play_right0.png */,
				000CB40E18A4920D00953C6C /* play_right1.png */,
				000CB40F18A4920D00953C6C /* play_right2.png */,
				000CB41018A4920D00953C6C /* play_right3.png */,
				000CB41118A4920D00953C6C /* play_stop_on.png */,
				000CB41218A4920D00953C6C /* play_stop.png */,
				000CB41318A4920D00953C6C /* play_vol_on.png */,
				000CB41418A4920D00953C6C /* play_vol.png */,
				000CB41518A4920D00953C6C /* play_volume_control_bg_on.png */,
				000CB41618A4920D00953C6C /* play_volume_control_bg.png */,
				000CB41718A4920D00953C6C /* play_volume_control.png */,
				00F5C1FB18A36463007DC1F0 /* icon_songs_cancel_on.png */,
				00F5C1FC18A36463007DC1F0 /* icon_songs_cancel.png */,
				00FEDB191898D8820072D517 /* clock.png */,
				00FEDB141898D6B70072D517 /* player_main.jpg */,
				00FEDB151898D6B70072D517 /* player.jpg */,
				00FEDB111898C3590072D517 /* AppIcon.png */,
				00077D951891FA3300891C75 /* mode_title.jpg */,
				00077D961891FA3300891C75 /* table_background.jpg */,
				00077D971891FA3300891C75 /* cycle.png */,
				006650F71891136E00F97DE5 /* progressCircle.png */,
				006650EC1890DD8B00F97DE5 /* Tutorial_1.jpg */,
				006650ED1890DD8B00F97DE5 /* Tutorial_2.jpg */,
				006650EE1890DD8B00F97DE5 /* Tutorial_3.jpg */,
				006650EA1890B4BA00F97DE5 /* Title.jpg */,
				006650E61890B3C400F97DE5 /* Main.jpg */,
				006650E71890B3C400F97DE5 /* Tutorial_0.jpg */,
			);
			path = images;
			sourceTree = "<group>";
		};
		00B15122187F77EE0036182C = {
			isa = PBXGroup;
			children = (
				976C6BBD18A7639500721DAE /* addimage */,
				006650F21890E19400F97DE5 /* Settings.bundle */,
				006650E51890B3C400F97DE5 /* images */,
				00B15134187F77EE0036182C /* MusicFitProject */,
				00B15153187F77EE0036182C /* MusicFitProjectTests */,
				00B1512D187F77EE0036182C /* Frameworks */,
				00B1512C187F77EE0036182C /* Products */,
			);
			sourceTree = "<group>";
		};
		00B1512C187F77EE0036182C /* Products */ = {
			isa = PBXGroup;
			children = (
				00B1512B187F77EE0036182C /* MusicFitProject.app */,
				00B1514C187F77EE0036182C /* MusicFitProjectTests.xctest */,
			);
			name = Products;
			sourceTree = "<group>";
		};
		00B1512D187F77EE0036182C /* Frameworks */ = {
			isa = PBXGroup;
			children = (
				00FC879E189F51A200F7F52E /* MediaPlayer.framework */,
				00FC879C189F519600F7F52E /* AVFoundation.framework */,
				00FC879A189F519000F7F52E /* CoreMedia.framework */,
				00077D9E1891FF5800891C75 /* libsqlite3.dylib */,
				00B1512E187F77EE0036182C /* Foundation.framework */,
				00B15130187F77EE0036182C /* CoreGraphics.framework */,
				00B15132187F77EE0036182C /* UIKit.framework */,
				00B1514D187F77EE0036182C /* XCTest.framework */,
			);
			name = Frameworks;
			sourceTree = "<group>";
		};
		00B15134187F77EE0036182C /* MusicFitProject */ = {
			isa = PBXGroup;
			children = (
				976C6BBA18A75D3200721DAE /* My */,
				00FC87A0189F537500F7F52E /* PlayList */,
				00FC8796189F42EF00F7F52E /* Player */,
				00FC8795189F42C400F7F52E /* Play */,
				00FEDB041898AD6B0072D517 /* Swipe */,
				00FC19BB1892540100BA2036 /* Mode */,
				00FC19A71892216200BA2036 /* DB_Class */,
				00B15143187F77EE0036182C /* FirstViewController.h */,
				00B15144187F77EE0036182C /* FirstViewController.m */,
				00B1513D187F77EE0036182C /* AppDelegate.h */,
				00B1513E187F77EE0036182C /* AppDelegate.m */,
				00B15140187F77EE0036182C /* Main.storyboard */,
				00B15146187F77EE0036182C /* Images.xcassets */,
				00B15135187F77EE0036182C /* Supporting Files */,
				00058239188D15D1006760D0 /* BPMAnalysis.h */,
				0005823A188D15D1006760D0 /* BPMAnalysis.m */,
			);
			path = MusicFitProject;
			sourceTree = "<group>";
		};
		00B15135187F77EE0036182C /* Supporting Files */ = {
			isa = PBXGroup;
			children = (
				00B15136187F77EE0036182C /* MusicFitProject-Info.plist */,
				00B15137187F77EE0036182C /* InfoPlist.strings */,
				00B1513A187F77EE0036182C /* main.m */,
				00B1513C187F77EE0036182C /* MusicFitProject-Prefix.pch */,
			);
			name = "Supporting Files";
			sourceTree = "<group>";
		};
		00B15153187F77EE0036182C /* MusicFitProjectTests */ = {
			isa = PBXGroup;
			children = (
				00B15159187F77EE0036182C /* MusicFitProjectTests.m */,
				00B15154187F77EE0036182C /* Supporting Files */,
			);
			path = MusicFitProjectTests;
			sourceTree = "<group>";
		};
		00B15154187F77EE0036182C /* Supporting Files */ = {
			isa = PBXGroup;
			children = (
				00B15155187F77EE0036182C /* MusicFitProjectTests-Info.plist */,
				00B15156187F77EE0036182C /* InfoPlist.strings */,
			);
			name = "Supporting Files";
			sourceTree = "<group>";
		};
		00FC19A71892216200BA2036 /* DB_Class */ = {
			isa = PBXGroup;
			children = (
				00077D9B1891FDBE00891C75 /* DBManager.h */,
				00077D9C1891FDBE00891C75 /* DBManager.m */,
				00FC19A81892218800BA2036 /* ModeDBManager.h */,
				00FC19A91892218800BA2036 /* ModeDBManager.m */,
				00FC8792189F428200F7F52E /* MusicDBManager.h */,
				00FC8793189F428200F7F52E /* MusicDBManager.m */,
				00FC87A4189F716700F7F52E /* PlayListDBManager.h */,
				00FC87A5189F716700F7F52E /* PlayListDBManager.m */,
			);
			name = DB_Class;
			sourceTree = "<group>";
		};
		00FC19BB1892540100BA2036 /* Mode */ = {
			isa = PBXGroup;
			children = (
				00FC19AB1892220B00BA2036 /* Mode.h */,
				00FC19AC1892220B00BA2036 /* Mode.m */,
				00072D6E1887775C00FE977F /* ModeViewController.h */,
				00072D6F1887775C00FE977F /* ModeViewController.m */,
				00FC19BF1892544A00BA2036 /* AddedModeCell.h */,
				00FC19C01892544A00BA2036 /* AddedModeCell.m */,
				00FC19C21892546200BA2036 /* StaticModeCell.h */,
				00FC19C31892546200BA2036 /* StaticModeCell.m */,
				00A0F0DC18974413006FA3F6 /* AddedModeDelegate.h */,
			);
			name = Mode;
			sourceTree = "<group>";
		};
		00FC8795189F42C400F7F52E /* Play */ = {
			isa = PBXGroup;
			children = (
				00F4C2501886A47E006146CD /* PlayViewController.h */,
				00F4C2511886A47E006146CD /* PlayViewController.m */,
			);
			name = Play;
			sourceTree = "<group>";
		};
		00FC8796189F42EF00F7F52E /* Player */ = {
			isa = PBXGroup;
			children = (
				00FEDB1B1898E9990072D517 /* PlayerViewController.h */,
				00FEDB1C1898E9990072D517 /* PlayerViewController.m */,
				00FC8797189F430400F7F52E /* Music.h */,
				00FC8798189F430400F7F52E /* Music.m */,
				000CB42E18A4C91000953C6C /* MusicFitPlayer.h */,
				000CB42F18A4C91000953C6C /* MusicFitPlayer.m */,
			);
			name = Player;
			sourceTree = "<group>";
		};
		00FC87A0189F537500F7F52E /* PlayList */ = {
			isa = PBXGroup;
			children = (
				009ACC7E1898FBE000301D9E /* PlayListViewController.h */,
				009ACC7F1898FBE000301D9E /* PlayListViewController.m */,
				00FC87A1189F556F00F7F52E /* PlayListCell.h */,
				00FC87A2189F556F00F7F52E /* PlayListCell.m */,
				00F5C1FF18A36B2F007DC1F0 /* EditModeViewController.h */,
				00F5C20018A36B2F007DC1F0 /* EditModeViewController.m */,
			);
			name = PlayList;
			sourceTree = "<group>";
		};
		00FEDB041898AD6B0072D517 /* Swipe */ = {
			isa = PBXGroup;
			children = (
				009FBC341897A0A500A28E73 /* SwipeViewController.h */,
				009FBC351897A0A500A28E73 /* SwipeViewController.m */,
				00FEDB051898AD840072D517 /* SwipeView.h */,
				00FEDB061898AD840072D517 /* SwipeView.m */,
				00FEDB091898AF290072D517 /* UIViewController+SwipeController.h */,
				00FEDB0A1898AF290072D517 /* UIViewController+SwipeController.m */,
				00FEDB0E1898B1C50072D517 /* SwipeGestureRecognizer.h */,
				00FEDB0F1898B1C50072D517 /* SwipeGestureRecognizer.m */,
				00FEDB0D1898AFB70072D517 /* SwipeController.h */,
			);
			name = Swipe;
			sourceTree = "<group>";
		};
		976C6BBA18A75D3200721DAE /* My */ = {
			isa = PBXGroup;
			children = (
				009ACC811898FC0D00301D9E /* MyViewController.h */,
				009ACC821898FC0D00301D9E /* MyViewController.m */,
				976C6BBB18A75D3F00721DAE /* Calender */,
				009ACC871898FD1A00301D9E /* FavoriteListViewController.h */,
				009ACC881898FD1A00301D9E /* FavoriteListViewController.m */,
				009ACC8A1898FD2700301D9E /* RecommendMusicViewController.h */,
				009ACC8B1898FD2700301D9E /* RecommendMusicViewController.m */,
				009ACC8D1898FD4E00301D9E /* InterestMusicViewController.h */,
				009ACC8E1898FD4E00301D9E /* InterestMusicViewController.m */,
			);
			name = My;
			sourceTree = "<group>";
		};
		976C6BBB18A75D3F00721DAE /* Calender */ = {
			isa = PBXGroup;
			children = (
				009ACC841898FCE300301D9E /* CalenderViewController.h */,
				009ACC851898FCE300301D9E /* CalenderViewController.m */,
			);
			name = Calender;
			sourceTree = "<group>";
		};
		976C6BBD18A7639500721DAE /* addimage */ = {
			isa = PBXGroup;
			children = (
				976C6BC018A76E3900721DAE /* status_claendar.png */,
				976C6BC118A76E3900721DAE /* status_like.png */,
				976C6BC218A76E3900721DAE /* status_mode.png */,
				976C6BC318A76E3900721DAE /* status_musicfit.png */,
				976C6BC418A76E3900721DAE /* status_recommend.png */,
				976C6BC518A76E3900721DAE /* status_setting.png */,
				976C6BC618A76E3900721DAE /* status_songs.png */,
			);
			name = addimage;
			sourceTree = "<group>";
		};
/* End PBXGroup section */

/* Begin PBXNativeTarget section */
		00B1512A187F77EE0036182C /* MusicFitProject */ = {
			isa = PBXNativeTarget;
			buildConfigurationList = 00B1515D187F77EE0036182C /* Build configuration list for PBXNativeTarget "MusicFitProject" */;
			buildPhases = (
				00B15127187F77EE0036182C /* Sources */,
				00B15128187F77EE0036182C /* Frameworks */,
				00B15129187F77EE0036182C /* Resources */,
			);
			buildRules = (
			);
			dependencies = (
			);
			name = MusicFitProject;
			productName = MusicFitProject;
			productReference = 00B1512B187F77EE0036182C /* MusicFitProject.app */;
			productType = "com.apple.product-type.application";
		};
		00B1514B187F77EE0036182C /* MusicFitProjectTests */ = {
			isa = PBXNativeTarget;
			buildConfigurationList = 00B15160187F77EE0036182C /* Build configuration list for PBXNativeTarget "MusicFitProjectTests" */;
			buildPhases = (
				00B15148187F77EE0036182C /* Sources */,
				00B15149187F77EE0036182C /* Frameworks */,
				00B1514A187F77EE0036182C /* Resources */,
			);
			buildRules = (
			);
			dependencies = (
				00B15152187F77EE0036182C /* PBXTargetDependency */,
			);
			name = MusicFitProjectTests;
			productName = MusicFitProjectTests;
			productReference = 00B1514C187F77EE0036182C /* MusicFitProjectTests.xctest */;
			productType = "com.apple.product-type.bundle.unit-test";
		};
/* End PBXNativeTarget section */

/* Begin PBXProject section */
		00B15123187F77EE0036182C /* Project object */ = {
			isa = PBXProject;
			attributes = {
				LastUpgradeCheck = 0500;
				ORGANIZATIONNAME = "SDT-1";
				TargetAttributes = {
					00B1512A187F77EE0036182C = {
						DevelopmentTeam = F4FT6M5A89;
					};
					00B1514B187F77EE0036182C = {
						TestTargetID = 00B1512A187F77EE0036182C;
					};
				};
			};
			buildConfigurationList = 00B15126187F77EE0036182C /* Build configuration list for PBXProject "MusicFitProject" */;
			compatibilityVersion = "Xcode 3.2";
			developmentRegion = English;
			hasScannedForEncodings = 0;
			knownRegions = (
				en,
				Base,
			);
			mainGroup = 00B15122187F77EE0036182C;
			productRefGroup = 00B1512C187F77EE0036182C /* Products */;
			projectDirPath = "";
			projectRoot = "";
			targets = (
				00B1512A187F77EE0036182C /* MusicFitProject */,
				00B1514B187F77EE0036182C /* MusicFitProjectTests */,
			);
		};
/* End PBXProject section */

/* Begin PBXResourcesBuildPhase section */
		00B15129187F77EE0036182C /* Resources */ = {
			isa = PBXResourcesBuildPhase;
			buildActionMask = 2147483647;
			files = (
				976C6BCB18A76E3900721DAE /* status_recommend.png in Resources */,
				006650EB1890B4BA00F97DE5 /* Title.jpg in Resources */,
				006650E91890B3C400F97DE5 /* Tutorial_0.jpg in Resources */,
				976C6BCA18A76E3900721DAE /* status_musicfit.png in Resources */,
				000CB42618A4920D00953C6C /* play_stop.png in Resources */,
				006650F81891136E00F97DE5 /* progressCircle.png in Resources */,
				006650F31890E19400F97DE5 /* Settings.bundle in Resources */,
				000CB42518A4920D00953C6C /* play_stop_on.png in Resources */,
				00FEDB1A1898D8820072D517 /* clock.png in Resources */,
				000CB41818A4920D00953C6C /* play_back_on.png in Resources */,
				00077D9A1891FA3300891C75 /* cycle.png in Resources */,
				006650F01890DD8B00F97DE5 /* Tutorial_2.jpg in Resources */,
				000CB42018A4920D00953C6C /* play_play.png in Resources */,
				000CB42A18A4920D00953C6C /* play_volume_control_bg.png in Resources */,
				00FEDB121898C3590072D517 /* AppIcon.png in Resources */,
				000CB42718A4920D00953C6C /* play_vol_on.png in Resources */,
				976C6BCD18A76E3900721DAE /* status_songs.png in Resources */,
				976C6BC918A76E3900721DAE /* status_mode.png in Resources */,
				00FEDB181898D6B70072D517 /* player.jpg in Resources */,
				006650F11890DD8B00F97DE5 /* Tutorial_3.jpg in Resources */,
				00FEDB171898D6B70072D517 /* player_main.jpg in Resources */,
				00F5C1FD18A36463007DC1F0 /* icon_songs_cancel_on.png in Resources */,
				000CB42318A4920D00953C6C /* play_right2.png in Resources */,
				000CB42418A4920D00953C6C /* play_right3.png in Resources */,
				000CB41F18A4920D00953C6C /* play_play_on.png in Resources */,
				000CB42218A4920D00953C6C /* play_right1.png in Resources */,
				00B15147187F77EE0036182C /* Images.xcassets in Resources */,
				976C6BC718A76E3900721DAE /* status_claendar.png in Resources */,
				00F5C1FE18A36463007DC1F0 /* icon_songs_cancel.png in Resources */,
				00077D981891FA3300891C75 /* mode_title.jpg in Resources */,
				000CB41E18A4920D00953C6C /* play_next.png in Resources */,
				000CB41918A4920D00953C6C /* play_back.png in Resources */,
				00B15139187F77EE0036182C /* InfoPlist.strings in Resources */,
				000CB42B18A4920D00953C6C /* play_volume_control.png in Resources */,
				006650E81890B3C400F97DE5 /* Main.jpg in Resources */,
				000CB42918A4920D00953C6C /* play_volume_control_bg_on.png in Resources */,
				000CB41C18A4920D00953C6C /* play_left.png in Resources */,
				000CB42D18A4935E00953C6C /* suffle_icon.jpg in Resources */,
				00077D991891FA3300891C75 /* table_background.jpg in Resources */,
				000CB41A18A4920D00953C6C /* play_cancel.png in Resources */,
				976C6BCC18A76E3900721DAE /* status_setting.png in Resources */,
				976C6BC818A76E3900721DAE /* status_like.png in Resources */,
				000CB42118A4920D00953C6C /* play_right0.png in Resources */,
				000CB42818A4920D00953C6C /* play_vol.png in Resources */,
				00B15142187F77EE0036182C /* Main.storyboard in Resources */,
				006650EF1890DD8B00F97DE5 /* Tutorial_1.jpg in Resources */,
				000CB41D18A4920D00953C6C /* play_next_on.png in Resources */,
				000CB41B18A4920D00953C6C /* play_control.png in Resources */,
			);
			runOnlyForDeploymentPostprocessing = 0;
		};
		00B1514A187F77EE0036182C /* Resources */ = {
			isa = PBXResourcesBuildPhase;
			buildActionMask = 2147483647;
			files = (
				00B15158187F77EE0036182C /* InfoPlist.strings in Resources */,
			);
			runOnlyForDeploymentPostprocessing = 0;
		};
/* End PBXResourcesBuildPhase section */

/* Begin PBXSourcesBuildPhase section */
		00B15127187F77EE0036182C /* Sources */ = {
			isa = PBXSourcesBuildPhase;
			buildActionMask = 2147483647;
			files = (
				00FC19AD1892220B00BA2036 /* Mode.m in Sources */,
				00FC19AA1892218800BA2036 /* ModeDBManager.m in Sources */,
				009ACC891898FD1A00301D9E /* FavoriteListViewController.m in Sources */,
				00FC8799189F430400F7F52E /* Music.m in Sources */,
				00077D9D1891FDBE00891C75 /* DBManager.m in Sources */,
				009ACC801898FBE000301D9E /* PlayListViewController.m in Sources */,
				00FC87A3189F556F00F7F52E /* PlayListCell.m in Sources */,
				009FBC361897A0A500A28E73 /* SwipeViewController.m in Sources */,
				0005823B188D15D1006760D0 /* BPMAnalysis.m in Sources */,
				00B15145187F77EE0036182C /* FirstViewController.m in Sources */,
				00FC8794189F428200F7F52E /* MusicDBManager.m in Sources */,
				00FEDB071898AD840072D517 /* SwipeView.m in Sources */,
				000CB43018A4C91000953C6C /* MusicFitPlayer.m in Sources */,
				00FC19C41892546200BA2036 /* StaticModeCell.m in Sources */,
				00B1513F187F77EE0036182C /* AppDelegate.m in Sources */,
				00FEDB0B1898AF290072D517 /* UIViewController+SwipeController.m in Sources */,
				00B1513B187F77EE0036182C /* main.m in Sources */,
				009ACC8C1898FD2700301D9E /* RecommendMusicViewController.m in Sources */,
				009ACC831898FC0D00301D9E /* MyViewController.m in Sources */,
				00F4C2521886A47E006146CD /* PlayViewController.m in Sources */,
				009ACC861898FCE300301D9E /* CalenderViewController.m in Sources */,
				00FC19C11892544A00BA2036 /* AddedModeCell.m in Sources */,
				00F5C20118A36B2F007DC1F0 /* EditModeViewController.m in Sources */,
				00FC87A6189F716700F7F52E /* PlayListDBManager.m in Sources */,
				00FEDB1D1898E9990072D517 /* PlayerViewController.m in Sources */,
				00072D701887775C00FE977F /* ModeViewController.m in Sources */,
				009ACC8F1898FD4E00301D9E /* InterestMusicViewController.m in Sources */,
				00FEDB101898B1C50072D517 /* SwipeGestureRecognizer.m in Sources */,
			);
			runOnlyForDeploymentPostprocessing = 0;
		};
		00B15148187F77EE0036182C /* Sources */ = {
			isa = PBXSourcesBuildPhase;
			buildActionMask = 2147483647;
			files = (
				00B1515A187F77EE0036182C /* MusicFitProjectTests.m in Sources */,
			);
			runOnlyForDeploymentPostprocessing = 0;
		};
/* End PBXSourcesBuildPhase section */

/* Begin PBXTargetDependency section */
		00B15152187F77EE0036182C /* PBXTargetDependency */ = {
			isa = PBXTargetDependency;
			target = 00B1512A187F77EE0036182C /* MusicFitProject */;
			targetProxy = 00B15151187F77EE0036182C /* PBXContainerItemProxy */;
		};
/* End PBXTargetDependency section */

/* Begin PBXVariantGroup section */
		00B15137187F77EE0036182C /* InfoPlist.strings */ = {
			isa = PBXVariantGroup;
			children = (
				00B15138187F77EE0036182C /* en */,
			);
			name = InfoPlist.strings;
			sourceTree = "<group>";
		};
		00B15140187F77EE0036182C /* Main.storyboard */ = {
			isa = PBXVariantGroup;
			children = (
				00B15141187F77EE0036182C /* Base */,
			);
			name = Main.storyboard;
			sourceTree = "<group>";
		};
		00B15156187F77EE0036182C /* InfoPlist.strings */ = {
			isa = PBXVariantGroup;
			children = (
				00B15157187F77EE0036182C /* en */,
			);
			name = InfoPlist.strings;
			sourceTree = "<group>";
		};
/* End PBXVariantGroup section */

/* Begin XCBuildConfiguration section */
		00B1515B187F77EE0036182C /* Debug */ = {
			isa = XCBuildConfiguration;
			buildSettings = {
				ALWAYS_SEARCH_USER_PATHS = NO;
				ARCHS = "$(ARCHS_STANDARD_INCLUDING_64_BIT)";
				CLANG_CXX_LANGUAGE_STANDARD = "gnu++0x";
				CLANG_CXX_LIBRARY = "libc++";
				CLANG_ENABLE_MODULES = YES;
				CLANG_ENABLE_OBJC_ARC = YES;
				CLANG_WARN_BOOL_CONVERSION = YES;
				CLANG_WARN_CONSTANT_CONVERSION = YES;
				CLANG_WARN_DIRECT_OBJC_ISA_USAGE = YES_ERROR;
				CLANG_WARN_EMPTY_BODY = YES;
				CLANG_WARN_ENUM_CONVERSION = YES;
				CLANG_WARN_INT_CONVERSION = YES;
				CLANG_WARN_OBJC_ROOT_CLASS = YES_ERROR;
				CLANG_WARN__DUPLICATE_METHOD_MATCH = YES;
				"CODE_SIGN_IDENTITY[sdk=iphoneos*]" = "iPhone Developer";
				COPY_PHASE_STRIP = NO;
				GCC_C_LANGUAGE_STANDARD = gnu99;
				GCC_DYNAMIC_NO_PIC = NO;
				GCC_OPTIMIZATION_LEVEL = 0;
				GCC_PREPROCESSOR_DEFINITIONS = (
					"DEBUG=1",
					"$(inherited)",
				);
				GCC_SYMBOLS_PRIVATE_EXTERN = NO;
				GCC_WARN_64_TO_32_BIT_CONVERSION = YES;
				GCC_WARN_ABOUT_RETURN_TYPE = YES_ERROR;
				GCC_WARN_UNDECLARED_SELECTOR = YES;
				GCC_WARN_UNINITIALIZED_AUTOS = YES;
				GCC_WARN_UNUSED_FUNCTION = YES;
				GCC_WARN_UNUSED_VARIABLE = YES;
				IPHONEOS_DEPLOYMENT_TARGET = 7.0;
				ONLY_ACTIVE_ARCH = YES;
				SDKROOT = iphoneos;
			};
			name = Debug;
		};
		00B1515C187F77EE0036182C /* Release */ = {
			isa = XCBuildConfiguration;
			buildSettings = {
				ALWAYS_SEARCH_USER_PATHS = NO;
				ARCHS = "$(ARCHS_STANDARD_INCLUDING_64_BIT)";
				CLANG_CXX_LANGUAGE_STANDARD = "gnu++0x";
				CLANG_CXX_LIBRARY = "libc++";
				CLANG_ENABLE_MODULES = YES;
				CLANG_ENABLE_OBJC_ARC = YES;
				CLANG_WARN_BOOL_CONVERSION = YES;
				CLANG_WARN_CONSTANT_CONVERSION = YES;
				CLANG_WARN_DIRECT_OBJC_ISA_USAGE = YES_ERROR;
				CLANG_WARN_EMPTY_BODY = YES;
				CLANG_WARN_ENUM_CONVERSION = YES;
				CLANG_WARN_INT_CONVERSION = YES;
				CLANG_WARN_OBJC_ROOT_CLASS = YES_ERROR;
				CLANG_WARN__DUPLICATE_METHOD_MATCH = YES;
				"CODE_SIGN_IDENTITY[sdk=iphoneos*]" = "iPhone Developer";
				COPY_PHASE_STRIP = YES;
				ENABLE_NS_ASSERTIONS = NO;
				GCC_C_LANGUAGE_STANDARD = gnu99;
				GCC_WARN_64_TO_32_BIT_CONVERSION = YES;
				GCC_WARN_ABOUT_RETURN_TYPE = YES_ERROR;
				GCC_WARN_UNDECLARED_SELECTOR = YES;
				GCC_WARN_UNINITIALIZED_AUTOS = YES;
				GCC_WARN_UNUSED_FUNCTION = YES;
				GCC_WARN_UNUSED_VARIABLE = YES;
				IPHONEOS_DEPLOYMENT_TARGET = 7.0;
				SDKROOT = iphoneos;
				VALIDATE_PRODUCT = YES;
			};
			name = Release;
		};
		00B1515E187F77EE0036182C /* Debug */ = {
			isa = XCBuildConfiguration;
			buildSettings = {
				ASSETCATALOG_COMPILER_APPICON_NAME = AppIcon;
				ASSETCATALOG_COMPILER_LAUNCHIMAGE_NAME = LaunchImage;
				CODE_SIGN_IDENTITY = "iPhone Developer";
				"CODE_SIGN_IDENTITY[sdk=iphoneos*]" = "iPhone Developer";
				GCC_PRECOMPILE_PREFIX_HEADER = YES;
				GCC_PREFIX_HEADER = "MusicFitProject/MusicFitProject-Prefix.pch";
				INFOPLIST_FILE = "MusicFitProject/MusicFitProject-Info.plist";
				PRODUCT_NAME = "$(TARGET_NAME)";
				PROVISIONING_PROFILE = "";
				WRAPPER_EXTENSION = app;
			};
			name = Debug;
		};
		00B1515F187F77EE0036182C /* Release */ = {
			isa = XCBuildConfiguration;
			buildSettings = {
				ASSETCATALOG_COMPILER_APPICON_NAME = AppIcon;
				ASSETCATALOG_COMPILER_LAUNCHIMAGE_NAME = LaunchImage;
				CODE_SIGN_IDENTITY = "iPhone Developer";
				"CODE_SIGN_IDENTITY[sdk=iphoneos*]" = "iPhone Developer";
				GCC_PRECOMPILE_PREFIX_HEADER = YES;
				GCC_PREFIX_HEADER = "MusicFitProject/MusicFitProject-Prefix.pch";
				INFOPLIST_FILE = "MusicFitProject/MusicFitProject-Info.plist";
				PRODUCT_NAME = "$(TARGET_NAME)";
				PROVISIONING_PROFILE = "";
				WRAPPER_EXTENSION = app;
			};
			name = Release;
		};
		00B15161187F77EE0036182C /* Debug */ = {
			isa = XCBuildConfiguration;
			buildSettings = {
				ARCHS = "$(ARCHS_STANDARD_INCLUDING_64_BIT)";
				BUNDLE_LOADER = "$(BUILT_PRODUCTS_DIR)/MusicFitProject.app/MusicFitProject";
				FRAMEWORK_SEARCH_PATHS = (
					"$(SDKROOT)/Developer/Library/Frameworks",
					"$(inherited)",
					"$(DEVELOPER_FRAMEWORKS_DIR)",
				);
				GCC_PRECOMPILE_PREFIX_HEADER = YES;
				GCC_PREFIX_HEADER = "MusicFitProject/MusicFitProject-Prefix.pch";
				GCC_PREPROCESSOR_DEFINITIONS = (
					"DEBUG=1",
					"$(inherited)",
				);
				INFOPLIST_FILE = "MusicFitProjectTests/MusicFitProjectTests-Info.plist";
				PRODUCT_NAME = "$(TARGET_NAME)";
				TEST_HOST = "$(BUNDLE_LOADER)";
				WRAPPER_EXTENSION = xctest;
			};
			name = Debug;
		};
		00B15162187F77EE0036182C /* Release */ = {
			isa = XCBuildConfiguration;
			buildSettings = {
				ARCHS = "$(ARCHS_STANDARD_INCLUDING_64_BIT)";
				BUNDLE_LOADER = "$(BUILT_PRODUCTS_DIR)/MusicFitProject.app/MusicFitProject";
				FRAMEWORK_SEARCH_PATHS = (
					"$(SDKROOT)/Developer/Library/Frameworks",
					"$(inherited)",
					"$(DEVELOPER_FRAMEWORKS_DIR)",
				);
				GCC_PRECOMPILE_PREFIX_HEADER = YES;
				GCC_PREFIX_HEADER = "MusicFitProject/MusicFitProject-Prefix.pch";
				INFOPLIST_FILE = "MusicFitProjectTests/MusicFitProjectTests-Info.plist";
				PRODUCT_NAME = "$(TARGET_NAME)";
				TEST_HOST = "$(BUNDLE_LOADER)";
				WRAPPER_EXTENSION = xctest;
			};
			name = Release;
		};
/* End XCBuildConfiguration section */

/* Begin XCConfigurationList section */
		00B15126187F77EE0036182C /* Build configuration list for PBXProject "MusicFitProject" */ = {
			isa = XCConfigurationList;
			buildConfigurations = (
				00B1515B187F77EE0036182C /* Debug */,
				00B1515C187F77EE0036182C /* Release */,
			);
			defaultConfigurationIsVisible = 0;
			defaultConfigurationName = Release;
		};
		00B1515D187F77EE0036182C /* Build configuration list for PBXNativeTarget "MusicFitProject" */ = {
			isa = XCConfigurationList;
			buildConfigurations = (
				00B1515E187F77EE0036182C /* Debug */,
				00B1515F187F77EE0036182C /* Release */,
			);
			defaultConfigurationIsVisible = 0;
			defaultConfigurationName = Release;
		};
		00B15160187F77EE0036182C /* Build configuration list for PBXNativeTarget "MusicFitProjectTests" */ = {
			isa = XCConfigurationList;
			buildConfigurations = (
				00B15161187F77EE0036182C /* Debug */,
				00B15162187F77EE0036182C /* Release */,
			);
			defaultConfigurationIsVisible = 0;
			defaultConfigurationName = Release;
		};
/* End XCConfigurationList section */
	};
	rootObject = 00B15123187F77EE0036182C /* Project object */;
}
